{
  "version": 4,
  "terraform_version": "1.5.0",
  "serial": 241,
  "lineage": "8777a458-ed37-e977-b8a9-77957451caf5",
  "outputs": {
    "inst_dns": {
      "value": "ec2-18-230-76-10.sa-east-1.compute.amazonaws.com",
      "type": "string"
    },
    "inst_ip": {
      "value": "18.230.76.10",
      "type": "string"
    }
  },
  "resources": [
    {
      "mode": "data",
      "type": "aws_ami",
      "name": "next_api_server_ami",
      "provider": "provider[\"registry.terraform.io/hashicorp/aws\"]",
      "instances": [
        {
          "schema_version": 0,
          "attributes": {
            "architecture": "x86_64",
            "arn": "arn:aws:ec2:sa-east-1::image/ami-009dac42914e64b32",
            "block_device_mappings": [
              {
                "device_name": "/dev/sda1",
                "ebs": {
                  "delete_on_termination": "true",
                  "encrypted": "false",
                  "iops": "0",
                  "snapshot_id": "snap-0e4346a6dbe98c9e4",
                  "throughput": "0",
                  "volume_size": "8",
                  "volume_type": "gp2"
                },
                "no_device": "",
                "virtual_name": ""
              },
              {
                "device_name": "/dev/sdb",
                "ebs": {},
                "no_device": "",
                "virtual_name": "ephemeral0"
              },
              {
                "device_name": "/dev/sdc",
                "ebs": {},
                "no_device": "",
                "virtual_name": "ephemeral1"
              }
            ],
            "boot_mode": "legacy-bios",
            "creation_date": "2023-06-08T04:39:51.000Z",
            "deprecation_time": "2025-06-08T04:39:51.000Z",
            "description": "Canonical, Ubuntu, 22.04 LTS, amd64 jammy image build on 2023-06-08",
            "ena_support": true,
            "executable_users": null,
            "filter": [
              {
                "name": "name",
                "values": [
                  "ubuntu/images/hvm-ssd/ubuntu-jammy-22.04-amd64-server-*"
                ]
              },
              {
                "name": "virtualization-type",
                "values": [
                  "hvm"
                ]
              }
            ],
            "hypervisor": "xen",
            "id": "ami-009dac42914e64b32",
            "image_id": "ami-009dac42914e64b32",
            "image_location": "amazon/ubuntu/images/hvm-ssd/ubuntu-jammy-22.04-amd64-server-20230608",
            "image_owner_alias": "amazon",
            "image_type": "machine",
            "imds_support": "",
            "include_deprecated": false,
            "kernel_id": "",
            "most_recent": true,
            "name": "ubuntu/images/hvm-ssd/ubuntu-jammy-22.04-amd64-server-20230608",
            "name_regex": null,
            "owner_id": "099720109477",
            "owners": [
              "099720109477"
            ],
            "platform": "",
            "platform_details": "Linux/UNIX",
            "product_codes": [],
            "public": true,
            "ramdisk_id": "",
            "root_device_name": "/dev/sda1",
            "root_device_type": "ebs",
            "root_snapshot_id": "snap-0e4346a6dbe98c9e4",
            "sriov_net_support": "simple",
            "state": "available",
            "state_reason": {
              "code": "UNSET",
              "message": "UNSET"
            },
            "tags": {},
            "timeouts": null,
            "tpm_support": "",
            "usage_operation": "RunInstances",
            "virtualization_type": "hvm"
          },
          "sensitive_attributes": []
        }
      ]
    },
    {
      "mode": "managed",
      "type": "aws_instance",
      "name": "next_api_ec2_inst",
      "provider": "provider[\"registry.terraform.io/hashicorp/aws\"]",
      "instances": [
        {
          "schema_version": 1,
          "attributes": {
            "ami": "ami-009dac42914e64b32",
            "arn": "arn:aws:ec2:sa-east-1:874214505948:instance/i-0bcb506c79026277d",
            "associate_public_ip_address": true,
            "availability_zone": "sa-east-1a",
            "capacity_reservation_specification": [
              {
                "capacity_reservation_preference": "open",
                "capacity_reservation_target": []
              }
            ],
            "cpu_core_count": 1,
            "cpu_options": [
              {
                "amd_sev_snp": "",
                "core_count": 1,
                "threads_per_core": 1
              }
            ],
            "cpu_threads_per_core": 1,
            "credit_specification": [
              {
                "cpu_credits": "standard"
              }
            ],
            "disable_api_stop": false,
            "disable_api_termination": false,
            "ebs_block_device": [],
            "ebs_optimized": false,
            "enclave_options": [
              {
                "enabled": false
              }
            ],
            "ephemeral_block_device": [],
            "get_password_data": false,
            "hibernation": false,
            "host_id": "",
            "host_resource_group_arn": null,
            "iam_instance_profile": "",
            "id": "i-0bcb506c79026277d",
            "instance_initiated_shutdown_behavior": "stop",
            "instance_lifecycle": "",
            "instance_market_options": [],
            "instance_state": "running",
            "instance_type": "t2.micro",
            "ipv6_address_count": 0,
            "ipv6_addresses": [],
            "key_name": "next_api_key",
            "launch_template": [],
            "maintenance_options": [
              {
                "auto_recovery": "default"
              }
            ],
            "metadata_options": [
              {
                "http_endpoint": "enabled",
                "http_put_response_hop_limit": 1,
                "http_tokens": "optional",
                "instance_metadata_tags": "disabled"
              }
            ],
            "monitoring": false,
            "network_interface": [],
            "outpost_arn": "",
            "password_data": "",
            "placement_group": "",
            "placement_partition_number": 0,
            "primary_network_interface_id": "eni-0a2b8acb0fa6298c0",
            "private_dns": "ip-10-123-1-130.sa-east-1.compute.internal",
            "private_dns_name_options": [
              {
                "enable_resource_name_dns_a_record": false,
                "enable_resource_name_dns_aaaa_record": false,
                "hostname_type": "ip-name"
              }
            ],
            "private_ip": "10.123.1.130",
            "public_dns": "ec2-18-230-76-10.sa-east-1.compute.amazonaws.com",
            "public_ip": "18.230.76.10",
            "root_block_device": [
              {
                "delete_on_termination": true,
                "device_name": "/dev/sda1",
                "encrypted": false,
                "iops": 100,
                "kms_key_id": "",
                "tags": null,
                "throughput": 0,
                "volume_id": "vol-019390fe8fcbfb6a3",
                "volume_size": 8,
                "volume_type": "gp2"
              }
            ],
            "secondary_private_ips": [],
            "security_groups": [],
            "source_dest_check": true,
            "spot_instance_request_id": "",
            "subnet_id": "subnet-0d75132971176085d",
            "tags": {
              "Name": "next_api_ec2_inst"
            },
            "tags_all": {
              "Name": "next_api_ec2_inst"
            },
            "tenancy": "default",
            "timeouts": null,
            "user_data": "53b770c30435c1caaad855606d5dea4884436cae",
            "user_data_base64": null,
            "user_data_replace_on_change": false,
            "volume_tags": null,
            "vpc_security_group_ids": [
              "sg-0b78919f56f488795"
            ]
          },
          "sensitive_attributes": [],
          "private": "eyJlMmJmYjczMC1lY2FhLTExZTYtOGY4OC0zNDM2M2JjN2M0YzAiOnsiY3JlYXRlIjo2MDAwMDAwMDAwMDAsImRlbGV0ZSI6MTIwMDAwMDAwMDAwMCwidXBkYXRlIjo2MDAwMDAwMDAwMDB9LCJzY2hlbWFfdmVyc2lvbiI6IjEifQ==",
          "dependencies": [
            "aws_key_pair.next_api_keys",
            "aws_security_group.next_api_sg",
            "aws_subnet.next_api_public_subnet",
            "aws_vpc.next_api_vpc",
            "data.aws_ami.next_api_server_ami",
            "tls_private_key.next_api_tls"
          ]
        }
      ]
    },
    {
      "mode": "managed",
      "type": "aws_internet_gateway",
      "name": "next_api_internet_gateway",
      "provider": "provider[\"registry.terraform.io/hashicorp/aws\"]",
      "instances": [
        {
          "schema_version": 0,
          "attributes": {
            "arn": "arn:aws:ec2:sa-east-1:874214505948:internet-gateway/igw-094b80c4b1ed36b34",
            "id": "igw-094b80c4b1ed36b34",
            "owner_id": "874214505948",
            "tags": {
              "Name": "dev-igw"
            },
            "tags_all": {
              "Name": "dev-igw"
            },
            "timeouts": null,
            "vpc_id": "vpc-010b98538112748cb"
          },
          "sensitive_attributes": [],
          "private": "eyJlMmJmYjczMC1lY2FhLTExZTYtOGY4OC0zNDM2M2JjN2M0YzAiOnsiY3JlYXRlIjoxMjAwMDAwMDAwMDAwLCJkZWxldGUiOjEyMDAwMDAwMDAwMDAsInVwZGF0ZSI6MTIwMDAwMDAwMDAwMH19",
          "dependencies": [
            "aws_vpc.next_api_vpc"
          ]
        }
      ]
    },
    {
      "mode": "managed",
      "type": "aws_key_pair",
      "name": "next_api_keys",
      "provider": "provider[\"registry.terraform.io/hashicorp/aws\"]",
      "instances": [
        {
          "schema_version": 1,
          "attributes": {
            "arn": "arn:aws:ec2:sa-east-1:874214505948:key-pair/next_api_key",
            "fingerprint": "ca:19:e5:ac:07:bf:02:b8:99:aa:b5:69:f8:a1:16:67",
            "id": "next_api_key",
            "key_name": "next_api_key",
            "key_name_prefix": "",
            "key_pair_id": "key-03c828e49597ddd23",
            "key_type": "rsa",
            "public_key": "ssh-rsa AAAAB3NzaC1yc2EAAAADAQABAAACAQDSB3QOipm624ZfmpgigNhvSz115MRpJ2k0XJjafDZPn/L38U2DUX8uLCX6AIpGLa1MRfkGcLMJ/5hzFKagS29Z+m3G54+8v4xTF9MkPVthXfq+BLg3BtGX6VMej9Ad05llbL0tOcF8W++uvaw3dsJe/mSgr6w0RR7mvjnxJF308CMIPEoh4P/j3t8KyC0c+QKNBhy7UlKrIKzQMzdbrjZynBXXi2w5RUZZeLd1jqSFJey7b3d3c9tV+LW5lo88wvnA8vifmeMXVesbnH19KSXreYNL4HMCtWp8bhGyJlpqWE5C7EIXN17TBeuWyMKd+rZJ3fC8o0fR92YKrj0lGeMdYre9OZbYtPlA+HAUsnROERDt5/1JUTeY3esMoeHSHGk6zHJ1k9nMhVcMTT/VzGGMummlilFGz4dC9eBlbZ0fSfGEQnJ5K5Y70FPGGrjSHJXR7qXnJBjua3b4yWddgx1z79CY52Nh4Wgie+WTY65D6c7krG5/k1Z5+VxvQPSUFShZ06EU4so2IVKYj5kmFmFjboEZwIWwAabeevcfaUn+U0AUFZnNKhm7qZb6vgj/ONBVTRwYORzO1gmL41VKliJv9FXqaiPLchPQNv1SQgJPTW2TnrYCRpr9VN9sJgc7dd7Ds6EMru3gl3mwbT/P6rz7Por7jk2U6v4mYmNfth4P/Q==",
            "tags": null,
            "tags_all": {}
          },
          "sensitive_attributes": [],
          "private": "eyJzY2hlbWFfdmVyc2lvbiI6IjEifQ==",
          "dependencies": [
            "tls_private_key.next_api_tls"
          ]
        }
      ]
    },
    {
      "mode": "managed",
      "type": "aws_route",
      "name": "default_route",
      "provider": "provider[\"registry.terraform.io/hashicorp/aws\"]",
      "instances": [
        {
          "schema_version": 0,
          "attributes": {
            "carrier_gateway_id": "",
            "core_network_arn": "",
            "destination_cidr_block": "0.0.0.0/0",
            "destination_ipv6_cidr_block": "",
            "destination_prefix_list_id": "",
            "egress_only_gateway_id": "",
            "gateway_id": "igw-094b80c4b1ed36b34",
            "id": "r-rtb-007e221d7f9846e4b1080289494",
            "instance_id": "",
            "instance_owner_id": "",
            "local_gateway_id": "",
            "nat_gateway_id": "",
            "network_interface_id": "",
            "origin": "CreateRoute",
            "route_table_id": "rtb-007e221d7f9846e4b",
            "state": "active",
            "timeouts": null,
            "transit_gateway_id": "",
            "vpc_endpoint_id": "",
            "vpc_peering_connection_id": ""
          },
          "sensitive_attributes": [],
          "private": "eyJlMmJmYjczMC1lY2FhLTExZTYtOGY4OC0zNDM2M2JjN2M0YzAiOnsiY3JlYXRlIjozMDAwMDAwMDAwMDAsImRlbGV0ZSI6MzAwMDAwMDAwMDAwLCJ1cGRhdGUiOjEyMDAwMDAwMDAwMH19",
          "dependencies": [
            "aws_internet_gateway.next_api_internet_gateway",
            "aws_route_table.next_api_public_rt",
            "aws_vpc.next_api_vpc"
          ]
        }
      ]
    },
    {
      "mode": "managed",
      "type": "aws_route_table",
      "name": "next_api_public_rt",
      "provider": "provider[\"registry.terraform.io/hashicorp/aws\"]",
      "instances": [
        {
          "schema_version": 0,
          "attributes": {
            "arn": "arn:aws:ec2:sa-east-1:874214505948:route-table/rtb-007e221d7f9846e4b",
            "id": "rtb-007e221d7f9846e4b",
            "owner_id": "874214505948",
            "propagating_vgws": [],
            "route": [],
            "tags": {
              "Name": "dev_public_rt"
            },
            "tags_all": {
              "Name": "dev_public_rt"
            },
            "timeouts": null,
            "vpc_id": "vpc-010b98538112748cb"
          },
          "sensitive_attributes": [],
          "private": "eyJlMmJmYjczMC1lY2FhLTExZTYtOGY4OC0zNDM2M2JjN2M0YzAiOnsiY3JlYXRlIjozMDAwMDAwMDAwMDAsImRlbGV0ZSI6MzAwMDAwMDAwMDAwLCJ1cGRhdGUiOjEyMDAwMDAwMDAwMH19",
          "dependencies": [
            "aws_vpc.next_api_vpc"
          ]
        }
      ]
    },
    {
      "mode": "managed",
      "type": "aws_route_table_association",
      "name": "public_assoc",
      "provider": "provider[\"registry.terraform.io/hashicorp/aws\"]",
      "instances": [
        {
          "schema_version": 0,
          "attributes": {
            "gateway_id": "",
            "id": "rtbassoc-0cf83765acfd5dc38",
            "route_table_id": "rtb-007e221d7f9846e4b",
            "subnet_id": "subnet-0d75132971176085d",
            "timeouts": null
          },
          "sensitive_attributes": [],
          "private": "eyJlMmJmYjczMC1lY2FhLTExZTYtOGY4OC0zNDM2M2JjN2M0YzAiOnsiY3JlYXRlIjozMDAwMDAwMDAwMDAsImRlbGV0ZSI6MzAwMDAwMDAwMDAwLCJ1cGRhdGUiOjEyMDAwMDAwMDAwMH19",
          "dependencies": [
            "aws_route_table.next_api_public_rt",
            "aws_subnet.next_api_public_subnet",
            "aws_vpc.next_api_vpc"
          ]
        }
      ]
    },
    {
      "mode": "managed",
      "type": "aws_security_group",
      "name": "next_api_sg",
      "provider": "provider[\"registry.terraform.io/hashicorp/aws\"]",
      "instances": [
        {
          "schema_version": 1,
          "attributes": {
            "arn": "arn:aws:ec2:sa-east-1:874214505948:security-group/sg-0b78919f56f488795",
            "description": "next_api security group",
            "egress": [],
            "id": "sg-0b78919f56f488795",
            "ingress": [],
            "name": "next_api_sg",
            "name_prefix": "",
            "owner_id": "874214505948",
            "revoke_rules_on_delete": false,
            "tags": {
              "Name": "next_api_sg"
            },
            "tags_all": {
              "Name": "next_api_sg"
            },
            "timeouts": null,
            "vpc_id": "vpc-010b98538112748cb"
          },
          "sensitive_attributes": [],
          "private": "eyJlMmJmYjczMC1lY2FhLTExZTYtOGY4OC0zNDM2M2JjN2M0YzAiOnsiY3JlYXRlIjo2MDAwMDAwMDAwMDAsImRlbGV0ZSI6OTAwMDAwMDAwMDAwfSwic2NoZW1hX3ZlcnNpb24iOiIxIn0=",
          "dependencies": [
            "aws_vpc.next_api_vpc"
          ]
        }
      ]
    },
    {
      "mode": "managed",
      "type": "aws_security_group_rule",
      "name": "public_in_http",
      "provider": "provider[\"registry.terraform.io/hashicorp/aws\"]",
      "instances": [
        {
          "schema_version": 2,
          "attributes": {
            "cidr_blocks": [
              "0.0.0.0/0"
            ],
            "description": null,
            "from_port": 80,
            "id": "sgrule-3335927140",
            "ipv6_cidr_blocks": null,
            "prefix_list_ids": null,
            "protocol": "tcp",
            "security_group_id": "sg-0b78919f56f488795",
            "security_group_rule_id": "sgr-0303a93d7f1e0eb3b",
            "self": false,
            "source_security_group_id": null,
            "timeouts": null,
            "to_port": 80,
            "type": "ingress"
          },
          "sensitive_attributes": [],
          "private": "eyJlMmJmYjczMC1lY2FhLTExZTYtOGY4OC0zNDM2M2JjN2M0YzAiOnsiY3JlYXRlIjozMDAwMDAwMDAwMDB9LCJzY2hlbWFfdmVyc2lvbiI6IjIifQ==",
          "dependencies": [
            "aws_security_group.next_api_sg",
            "aws_vpc.next_api_vpc"
          ]
        }
      ]
    },
    {
      "mode": "managed",
      "type": "aws_security_group_rule",
      "name": "public_in_https",
      "provider": "provider[\"registry.terraform.io/hashicorp/aws\"]",
      "instances": [
        {
          "schema_version": 2,
          "attributes": {
            "cidr_blocks": [
              "0.0.0.0/0"
            ],
            "description": null,
            "from_port": 443,
            "id": "sgrule-4043427492",
            "ipv6_cidr_blocks": null,
            "prefix_list_ids": null,
            "protocol": "tcp",
            "security_group_id": "sg-0b78919f56f488795",
            "security_group_rule_id": "sgr-02d9cfdb290934341",
            "self": false,
            "source_security_group_id": null,
            "timeouts": null,
            "to_port": 443,
            "type": "ingress"
          },
          "sensitive_attributes": [],
          "private": "eyJlMmJmYjczMC1lY2FhLTExZTYtOGY4OC0zNDM2M2JjN2M0YzAiOnsiY3JlYXRlIjozMDAwMDAwMDAwMDB9LCJzY2hlbWFfdmVyc2lvbiI6IjIifQ==",
          "dependencies": [
            "aws_security_group.next_api_sg",
            "aws_vpc.next_api_vpc"
          ]
        }
      ]
    },
    {
      "mode": "managed",
      "type": "aws_security_group_rule",
      "name": "public_in_ssh",
      "provider": "provider[\"registry.terraform.io/hashicorp/aws\"]",
      "instances": [
        {
          "schema_version": 2,
          "attributes": {
            "cidr_blocks": [
              "0.0.0.0/0"
            ],
            "description": null,
            "from_port": 22,
            "id": "sgrule-1885104337",
            "ipv6_cidr_blocks": null,
            "prefix_list_ids": null,
            "protocol": "tcp",
            "security_group_id": "sg-0b78919f56f488795",
            "security_group_rule_id": "sgr-0079d3309a5546f15",
            "self": false,
            "source_security_group_id": null,
            "timeouts": null,
            "to_port": 22,
            "type": "ingress"
          },
          "sensitive_attributes": [],
          "private": "eyJlMmJmYjczMC1lY2FhLTExZTYtOGY4OC0zNDM2M2JjN2M0YzAiOnsiY3JlYXRlIjozMDAwMDAwMDAwMDB9LCJzY2hlbWFfdmVyc2lvbiI6IjIifQ==",
          "dependencies": [
            "aws_security_group.next_api_sg",
            "aws_vpc.next_api_vpc"
          ]
        }
      ]
    },
    {
      "mode": "managed",
      "type": "aws_security_group_rule",
      "name": "public_out",
      "provider": "provider[\"registry.terraform.io/hashicorp/aws\"]",
      "instances": [
        {
          "schema_version": 2,
          "attributes": {
            "cidr_blocks": [
              "0.0.0.0/0"
            ],
            "description": null,
            "from_port": 0,
            "id": "sgrule-4288820615",
            "ipv6_cidr_blocks": null,
            "prefix_list_ids": null,
            "protocol": "-1",
            "security_group_id": "sg-0b78919f56f488795",
            "security_group_rule_id": "sgr-01bf08c15374f48e2",
            "self": false,
            "source_security_group_id": null,
            "timeouts": null,
            "to_port": 0,
            "type": "egress"
          },
          "sensitive_attributes": [],
          "private": "eyJlMmJmYjczMC1lY2FhLTExZTYtOGY4OC0zNDM2M2JjN2M0YzAiOnsiY3JlYXRlIjozMDAwMDAwMDAwMDB9LCJzY2hlbWFfdmVyc2lvbiI6IjIifQ==",
          "dependencies": [
            "aws_security_group.next_api_sg",
            "aws_vpc.next_api_vpc"
          ]
        }
      ]
    },
    {
      "mode": "managed",
      "type": "aws_subnet",
      "name": "next_api_public_subnet",
      "provider": "provider[\"registry.terraform.io/hashicorp/aws\"]",
      "instances": [
        {
          "schema_version": 1,
          "attributes": {
            "arn": "arn:aws:ec2:sa-east-1:874214505948:subnet/subnet-0d75132971176085d",
            "assign_ipv6_address_on_creation": false,
            "availability_zone": "sa-east-1a",
            "availability_zone_id": "sae1-az1",
            "cidr_block": "10.123.1.0/24",
            "customer_owned_ipv4_pool": "",
            "enable_dns64": false,
            "enable_lni_at_device_index": 0,
            "enable_resource_name_dns_a_record_on_launch": false,
            "enable_resource_name_dns_aaaa_record_on_launch": false,
            "id": "subnet-0d75132971176085d",
            "ipv6_cidr_block": "",
            "ipv6_cidr_block_association_id": "",
            "ipv6_native": false,
            "map_customer_owned_ip_on_launch": false,
            "map_public_ip_on_launch": true,
            "outpost_arn": "",
            "owner_id": "874214505948",
            "private_dns_hostname_type_on_launch": "ip-name",
            "tags": {
              "Name": "dev-public"
            },
            "tags_all": {
              "Name": "dev-public"
            },
            "timeouts": null,
            "vpc_id": "vpc-010b98538112748cb"
          },
          "sensitive_attributes": [],
          "private": "eyJlMmJmYjczMC1lY2FhLTExZTYtOGY4OC0zNDM2M2JjN2M0YzAiOnsiY3JlYXRlIjo2MDAwMDAwMDAwMDAsImRlbGV0ZSI6MTIwMDAwMDAwMDAwMH0sInNjaGVtYV92ZXJzaW9uIjoiMSJ9",
          "dependencies": [
            "aws_vpc.next_api_vpc"
          ]
        }
      ]
    },
    {
      "mode": "managed",
      "type": "aws_vpc",
      "name": "next_api_vpc",
      "provider": "provider[\"registry.terraform.io/hashicorp/aws\"]",
      "instances": [
        {
          "schema_version": 1,
          "attributes": {
            "arn": "arn:aws:ec2:sa-east-1:874214505948:vpc/vpc-010b98538112748cb",
            "assign_generated_ipv6_cidr_block": false,
            "cidr_block": "10.123.0.0/16",
            "default_network_acl_id": "acl-0b9fc88620bc555d4",
            "default_route_table_id": "rtb-08bb6ad39568c6db5",
            "default_security_group_id": "sg-07f418e1702a8b928",
            "dhcp_options_id": "dopt-03153accd2f178688",
            "enable_dns_hostnames": true,
            "enable_dns_support": true,
            "enable_network_address_usage_metrics": false,
            "id": "vpc-010b98538112748cb",
            "instance_tenancy": "default",
            "ipv4_ipam_pool_id": null,
            "ipv4_netmask_length": null,
            "ipv6_association_id": "",
            "ipv6_cidr_block": "",
            "ipv6_cidr_block_network_border_group": "",
            "ipv6_ipam_pool_id": "",
            "ipv6_netmask_length": 0,
            "main_route_table_id": "rtb-08bb6ad39568c6db5",
            "owner_id": "874214505948",
            "tags": {
              "Name": "dev"
            },
            "tags_all": {
              "Name": "dev"
            }
          },
          "sensitive_attributes": [],
          "private": "eyJzY2hlbWFfdmVyc2lvbiI6IjEifQ=="
        }
      ]
    },
    {
      "mode": "managed",
      "type": "tls_private_key",
      "name": "next_api_tls",
      "provider": "provider[\"registry.terraform.io/hashicorp/tls\"]",
      "instances": [
        {
          "schema_version": 1,
          "attributes": {
            "algorithm": "RSA",
            "ecdsa_curve": "P224",
            "id": "7ef0b5a701faad9029b35a67fa9dc6695032e49e",
            "private_key_openssh": "-----BEGIN OPENSSH PRIVATE KEY-----\nb3BlbnNzaC1rZXktdjEAAAAABG5vbmUAAAAEbm9uZQAAAAAAAAABAAACFwAAAAdz\nc2gtcnNhAAAAAwEAAQAAAgEA0gd0DoqZutuGX5qYIoDYb0s9deTEaSdpNFyY2nw2\nT5/y9/FNg1F/Liwl+gCKRi2tTEX5BnCzCf+YcxSmoEtvWfptxuePvL+MUxfTJD1b\nYV36vgS4NwbRl+lTHo/QHdOZZWy9LTnBfFvvrr2sN3bCXv5koK+sNEUe5r458SRd\n9PAjCDxKIeD/497fCsgtHPkCjQYcu1JSqyCs0DM3W642cpwV14tsOUVGWXi3dY6k\nhSXsu293d3PbVfi1uZaPPML5wPL4n5njF1XrG5x9fSkl63mDS+BzArVqfG4RsiZa\nalhOQuxCFzde0wXrlsjCnfq2Sd3wvKNH0fdmCq49JRnjHWK3vTmW2LT5QPhwFLJ0\nThEQ7ef9SVE3mN3rDKHh0hxpOsxydZPZzIVXDE0/1cxhjLpppYpRRs+HQvXgZW2d\nH0nxhEJyeSuWO9BTxhq40hyV0e6l5yQY7mt2+MlnXYMdc+/QmOdjYeFoInvlk2Ou\nQ+nO5Kxuf5NWeflcb0D0lBUoWdOhFOLKNiFSmI+ZJhZhY26BGcCFsAGm3nr3H2lJ\n/lNAFBWZzSoZu6mW+r4I/zjQVU0cGDkcztYJi+NVSpYib/RV6mojy3IT0Db9UkIC\nT01tk562Akaa/VTfbCYHO3Xew7OhDK7t4Jd5sG0/z+q8+z6K+45NlOr+JmJjX7Ye\nD/0AAAc4Eti/1RLYv9UAAAAHc3NoLXJzYQAAAgEA0gd0DoqZutuGX5qYIoDYb0s9\ndeTEaSdpNFyY2nw2T5/y9/FNg1F/Liwl+gCKRi2tTEX5BnCzCf+YcxSmoEtvWfpt\nxuePvL+MUxfTJD1bYV36vgS4NwbRl+lTHo/QHdOZZWy9LTnBfFvvrr2sN3bCXv5k\noK+sNEUe5r458SRd9PAjCDxKIeD/497fCsgtHPkCjQYcu1JSqyCs0DM3W642cpwV\n14tsOUVGWXi3dY6khSXsu293d3PbVfi1uZaPPML5wPL4n5njF1XrG5x9fSkl63mD\nS+BzArVqfG4RsiZaalhOQuxCFzde0wXrlsjCnfq2Sd3wvKNH0fdmCq49JRnjHWK3\nvTmW2LT5QPhwFLJ0ThEQ7ef9SVE3mN3rDKHh0hxpOsxydZPZzIVXDE0/1cxhjLpp\npYpRRs+HQvXgZW2dH0nxhEJyeSuWO9BTxhq40hyV0e6l5yQY7mt2+MlnXYMdc+/Q\nmOdjYeFoInvlk2OuQ+nO5Kxuf5NWeflcb0D0lBUoWdOhFOLKNiFSmI+ZJhZhY26B\nGcCFsAGm3nr3H2lJ/lNAFBWZzSoZu6mW+r4I/zjQVU0cGDkcztYJi+NVSpYib/RV\n6mojy3IT0Db9UkICT01tk562Akaa/VTfbCYHO3Xew7OhDK7t4Jd5sG0/z+q8+z6K\n+45NlOr+JmJjX7YeD/0AAAADAQABAAACAQCRiKCewuOrWxpNfO4WWnmfBN/dpVuE\nEc8QfWldW9y2Z/sQW6B+ciZSdD0McvtdjaEbzRC1qbomH3ofpBuhzyOlkaYnwaUU\nARbXLRcdcXa0jU6GBPcxCgSJ4x+5eaWYRVtxsFuVzwOHjJ0U1FFVTXF6KYTI43HL\n9mlnMkEsGysP4qYjusMTnrkxyOl8qyC3hsSBu86E7pJiCg41Zofhe2I3IHjyFqYz\nORF6Re+6AdF2gcT8TEzX9OvzMpeZtf4i+Gffj30/+n4lWV/EjjdWVwDzngugtDJ9\nmf/joNGaRIE6V15DeTqCo9eNGfkZTpuspGFT5fo+fFXz5B5NIFc2Mi3wmUKYnd61\nwmzrUG3JLqc5hJ/sh1he1hTGo6KrymdeI0dUfKJMeEX5KMcwSWuGwDbm+JDRDk6v\nlZUsXyI2i85yp6JDMTYGHjiskEfZU+oTqDYeEF9OL6JLvRfYoCvPW2/OKc7yNjXQ\nltzemPTyf8msM3J0jBaXo9B6D7OQHYpHol/RFkeYCxQ60dUxby4N0xZ6UmpUcdd1\nPavNU+aTnyIVoUet9kWEZ67R2jtolmbfkJEOw0AouLtcLHvaD1SvPCd4VQAULYXh\nv4i+/AOHEdN7+Rcbxd/1bVI0YsfzXn3/sHTu+a+GlB49wifyvXnJ3zUGqFWW5mNp\nu30Yc3j2H74VgQAAAQEAh0prMERlfpHfouyphe/0SmsVRdwzdYy5L8ZUBlvCHRH8\nymO0L7T7AVIAeABmWt5K45TXTFWxDKNp27yz1xvABFY5YYqin1r2iuyAYz8phIk7\nSNUsK4eQ2pyqxp+MFhKoNKpV9SeIV7KrIeEpt1k5KyyJH2Vy+S1OHgNUrFJZq9VE\nwzkjk0w9krocTPmpl0RhjPw4+ZF2/NzVVXXWeB0sxpia/uvwDikDxZ7FKjLtDs3l\n5wrnFGMChGdegbFfEr04q6syZeo43BVqEzFQyyEK6r+17k4aYyQ+QhrN5VQS1fVb\n1N72k/51ZvucKFk5EZNIcACoeD1qtCUNrov5XFMm4gAAAQEA4Dg3F6SH4lsVkcQN\nj52tQyQNOTSIb8nd2GxX5D9NsF7My4rgQbPtZvYFaQT9ubLXN7H6XsMuNjVgMO3I\nPT3HT8tO4G7bcX2IkW6hzMHPD8L8Rt9HUzYbL2UwYW1MDGCGpd/YowVD3xM8Oq+D\nZx0lMuNpAi76usKCq/fMSYGSNA2h0st/Mz8YpKlNthB0f422dhU1SnvtVhtmba4u\nJ3MYskNbwD6KPt14TKNBPDawZ3m+THxi3YXJKTJWWlZJGhO4IYyhxXzZ72Pv7I2M\n/MkT4PPjPFYgpyvxPi/uZIlpcPikZfsqNhM5ho4gWAkHXw2zFX2MzZRGAaXbKY1O\nVusHhQAAAQEA78xWkuveZvQMnSq+qSk/Qf/+KJbik+JrCZdsTpXRrtKqxgknFhvC\n8HeR7QZqmTlBXPiw7NMtBuG3Lh/tof3lJTZ+35VPRvex9HsPzwoRfb1PVr/MzrIw\ntEIvoshOFH8LC2fPad3dW2RzOLCwA3GBlgc9tVMX1H72VOpUziAzTaLlVnMN+Fpa\ncreR8emU4LIuqvYrgymJi/4jBVkipxNHeRcm4XT/VRuaduBcknF4jyz3zdOpZtdq\n1NHw2uyRl1ll4JWBHqGUsL2jsnEEFacxqB93FNorSJOighXDCRPCeA2+h8P2s11K\nopPozjn3a2xStKcQYou2mTZEf8pPju9EGQAAAAAB\n-----END OPENSSH PRIVATE KEY-----\n",
            "private_key_pem": "-----BEGIN RSA PRIVATE KEY-----\nMIIJKQIBAAKCAgEA0gd0DoqZutuGX5qYIoDYb0s9deTEaSdpNFyY2nw2T5/y9/FN\ng1F/Liwl+gCKRi2tTEX5BnCzCf+YcxSmoEtvWfptxuePvL+MUxfTJD1bYV36vgS4\nNwbRl+lTHo/QHdOZZWy9LTnBfFvvrr2sN3bCXv5koK+sNEUe5r458SRd9PAjCDxK\nIeD/497fCsgtHPkCjQYcu1JSqyCs0DM3W642cpwV14tsOUVGWXi3dY6khSXsu293\nd3PbVfi1uZaPPML5wPL4n5njF1XrG5x9fSkl63mDS+BzArVqfG4RsiZaalhOQuxC\nFzde0wXrlsjCnfq2Sd3wvKNH0fdmCq49JRnjHWK3vTmW2LT5QPhwFLJ0ThEQ7ef9\nSVE3mN3rDKHh0hxpOsxydZPZzIVXDE0/1cxhjLpppYpRRs+HQvXgZW2dH0nxhEJy\neSuWO9BTxhq40hyV0e6l5yQY7mt2+MlnXYMdc+/QmOdjYeFoInvlk2OuQ+nO5Kxu\nf5NWeflcb0D0lBUoWdOhFOLKNiFSmI+ZJhZhY26BGcCFsAGm3nr3H2lJ/lNAFBWZ\nzSoZu6mW+r4I/zjQVU0cGDkcztYJi+NVSpYib/RV6mojy3IT0Db9UkICT01tk562\nAkaa/VTfbCYHO3Xew7OhDK7t4Jd5sG0/z+q8+z6K+45NlOr+JmJjX7YeD/0CAwEA\nAQKCAgEAkYignsLjq1saTXzuFlp5nwTf3aVbhBHPEH1pXVvctmf7EFugfnImUnQ9\nDHL7XY2hG80Qtam6Jh96H6Qboc8jpZGmJ8GlFAEW1y0XHXF2tI1OhgT3MQoEieMf\nuXmlmEVbcbBblc8Dh4ydFNRRVU1xeimEyONxy/ZpZzJBLBsrD+KmI7rDE565Mcjp\nfKsgt4bEgbvOhO6SYgoONWaH4XtiNyB48hamMzkRekXvugHRdoHE/ExM1/Tr8zKX\nmbX+Ivhn3499P/p+JVlfxI43VlcA854LoLQyfZn/46DRmkSBOldeQ3k6gqPXjRn5\nGU6brKRhU+X6PnxV8+QeTSBXNjIt8JlCmJ3etcJs61BtyS6nOYSf7IdYXtYUxqOi\nq8pnXiNHVHyiTHhF+SjHMElrhsA25viQ0Q5Or5WVLF8iNovOcqeiQzE2Bh44rJBH\n2VPqE6g2HhBfTi+iS70X2KArz1tvzinO8jY10Jbc3pj08n/JrDNydIwWl6PQeg+z\nkB2KR6Jf0RZHmAsUOtHVMW8uDdMWelJqVHHXdT2rzVPmk58iFaFHrfZFhGeu0do7\naJZm35CRDsNAKLi7XCx72g9UrzwneFUAFC2F4b+IvvwDhxHTe/kXG8Xf9W1SNGLH\n8159/7B07vmvhpQePcIn8r15yd81BqhVluZjabt9GHN49h++FYECggEBAOA4Nxek\nh+JbFZHEDY+drUMkDTk0iG/J3dhsV+Q/TbBezMuK4EGz7Wb2BWkE/bmy1zex+l7D\nLjY1YDDtyD09x0/LTuBu23F9iJFuoczBzw/C/EbfR1M2Gy9lMGFtTAxghqXf2KMF\nQ98TPDqvg2cdJTLjaQIu+rrCgqv3zEmBkjQNodLLfzM/GKSpTbYQdH+NtnYVNUp7\n7VYbZm2uLidzGLJDW8A+ij7deEyjQTw2sGd5vkx8Yt2FySkyVlpWSRoTuCGMocV8\n2e9j7+yNjPzJE+Dz4zxWIKcr8T4v7mSJaXD4pGX7KjYTOYaOIFgJB18NsxV9jM2U\nRgGl2ymNTlbrB4UCggEBAO/MVpLr3mb0DJ0qvqkpP0H//iiW4pPiawmXbE6V0a7S\nqsYJJxYbwvB3ke0Gapk5QVz4sOzTLQbhty4f7aH95SU2ft+VT0b3sfR7D88KEX29\nT1a/zM6yMLRCL6LIThR/Cwtnz2nd3VtkcziwsANxgZYHPbVTF9R+9lTqVM4gM02i\n5VZzDfhaWnK3kfHplOCyLqr2K4MpiYv+IwVZIqcTR3kXJuF0/1UbmnbgXJJxeI8s\n983TqWbXatTR8NrskZdZZeCVgR6hlLC9o7JxBBWnMagfdxTaK0iTooIVwwkTwngN\nvofD9rNdSqKT6M4592tsUrSnEGKLtpk2RH/KT47vRBkCggEALb4KLz6Xoiwm2FgA\n1D28rSfbssHu2695HL/tpljrxoFwkk3Atma4lfq229fy00GS+n/Kri5vbQuylgjM\ngwHpeXPmoY68IgkUJWdGhvk6/uIuiV7ftDAjl6WzGw0rKJNApPJnxco7MHVCIk7Q\nJeciQaF3OMTQze0Er4ScHpractgdHV36kz/aDS2k9vGgcq08fhaRiqKBpsFsQg/4\nxn+KmEN5olyf43dXJXtgwaH+lv2VPxFZMgwrH8ZvK3rS6wj+1YlVL27rHxVqSv4N\ntzxmW8wlnZeMjc4/JwqsPcJyymNPVqbI08NURwkTvCILaO7ojAfTA9Wt+oQVlAKJ\n6t2D6QKCAQBt3Fb5frhowHya8L9i7rO9gBOn8uChUgUp4sbLBhaHmpqEmiLfHR7l\nXlJrnhnuUu3gM0uTZHhng7eRmS0cnx6BOwNLWbN1Vvuff1XRy9IRok6b9slVFQv9\nOalrUYt8Fmwv8IJ1BSFpwo6LNV+eZD0zR+P8k7ICN5yRcL4jpVr7wZqCTbnjwzlW\n/0UM6K+9dcStrJRoxfnvOiI/TAP1OX7wOiwk9J4aFshgmA+xQ+0w4zAwiz08EYsv\nL3PCSMm25k0nZDdAmlRt2KQLl32AkhXM6YV79ywHVyQHpwKwwO3CZMGan6wBpscP\nzuXEvYfeHkWR4ExAabPhY5xkU4K5gGLZAoIBAQCHSmswRGV+kd+i7KmF7/RKaxVF\n3DN1jLkvxlQGW8IdEfzKY7QvtPsBUgB4AGZa3krjlNdMVbEMo2nbvLPXG8AEVjlh\niqKfWvaK7IBjPymEiTtI1Swrh5DanKrGn4wWEqg0qlX1J4hXsqsh4Sm3WTkrLIkf\nZXL5LU4eA1SsUlmr1UTDOSOTTD2SuhxM+amXRGGM/Dj5kXb83NVVddZ4HSzGmJr+\n6/AOKQPFnsUqMu0OzeXnCucUYwKEZ16BsV8SvTirqzJl6jjcFWoTMVDLIQrqv7Xu\nThpjJD5CGs3lVBLV9VvU3vaT/nVm+5woWTkRk0hwAKh4PWq0JQ2ui/lcUybi\n-----END RSA PRIVATE KEY-----\n",
            "private_key_pem_pkcs8": "-----BEGIN PRIVATE KEY-----\nMIIJQwIBADANBgkqhkiG9w0BAQEFAASCCS0wggkpAgEAAoICAQDSB3QOipm624Zf\nmpgigNhvSz115MRpJ2k0XJjafDZPn/L38U2DUX8uLCX6AIpGLa1MRfkGcLMJ/5hz\nFKagS29Z+m3G54+8v4xTF9MkPVthXfq+BLg3BtGX6VMej9Ad05llbL0tOcF8W++u\nvaw3dsJe/mSgr6w0RR7mvjnxJF308CMIPEoh4P/j3t8KyC0c+QKNBhy7UlKrIKzQ\nMzdbrjZynBXXi2w5RUZZeLd1jqSFJey7b3d3c9tV+LW5lo88wvnA8vifmeMXVesb\nnH19KSXreYNL4HMCtWp8bhGyJlpqWE5C7EIXN17TBeuWyMKd+rZJ3fC8o0fR92YK\nrj0lGeMdYre9OZbYtPlA+HAUsnROERDt5/1JUTeY3esMoeHSHGk6zHJ1k9nMhVcM\nTT/VzGGMummlilFGz4dC9eBlbZ0fSfGEQnJ5K5Y70FPGGrjSHJXR7qXnJBjua3b4\nyWddgx1z79CY52Nh4Wgie+WTY65D6c7krG5/k1Z5+VxvQPSUFShZ06EU4so2IVKY\nj5kmFmFjboEZwIWwAabeevcfaUn+U0AUFZnNKhm7qZb6vgj/ONBVTRwYORzO1gmL\n41VKliJv9FXqaiPLchPQNv1SQgJPTW2TnrYCRpr9VN9sJgc7dd7Ds6EMru3gl3mw\nbT/P6rz7Por7jk2U6v4mYmNfth4P/QIDAQABAoICAQCRiKCewuOrWxpNfO4WWnmf\nBN/dpVuEEc8QfWldW9y2Z/sQW6B+ciZSdD0McvtdjaEbzRC1qbomH3ofpBuhzyOl\nkaYnwaUUARbXLRcdcXa0jU6GBPcxCgSJ4x+5eaWYRVtxsFuVzwOHjJ0U1FFVTXF6\nKYTI43HL9mlnMkEsGysP4qYjusMTnrkxyOl8qyC3hsSBu86E7pJiCg41Zofhe2I3\nIHjyFqYzORF6Re+6AdF2gcT8TEzX9OvzMpeZtf4i+Gffj30/+n4lWV/EjjdWVwDz\nngugtDJ9mf/joNGaRIE6V15DeTqCo9eNGfkZTpuspGFT5fo+fFXz5B5NIFc2Mi3w\nmUKYnd61wmzrUG3JLqc5hJ/sh1he1hTGo6KrymdeI0dUfKJMeEX5KMcwSWuGwDbm\n+JDRDk6vlZUsXyI2i85yp6JDMTYGHjiskEfZU+oTqDYeEF9OL6JLvRfYoCvPW2/O\nKc7yNjXQltzemPTyf8msM3J0jBaXo9B6D7OQHYpHol/RFkeYCxQ60dUxby4N0xZ6\nUmpUcdd1PavNU+aTnyIVoUet9kWEZ67R2jtolmbfkJEOw0AouLtcLHvaD1SvPCd4\nVQAULYXhv4i+/AOHEdN7+Rcbxd/1bVI0YsfzXn3/sHTu+a+GlB49wifyvXnJ3zUG\nqFWW5mNpu30Yc3j2H74VgQKCAQEA4Dg3F6SH4lsVkcQNj52tQyQNOTSIb8nd2GxX\n5D9NsF7My4rgQbPtZvYFaQT9ubLXN7H6XsMuNjVgMO3IPT3HT8tO4G7bcX2IkW6h\nzMHPD8L8Rt9HUzYbL2UwYW1MDGCGpd/YowVD3xM8Oq+DZx0lMuNpAi76usKCq/fM\nSYGSNA2h0st/Mz8YpKlNthB0f422dhU1SnvtVhtmba4uJ3MYskNbwD6KPt14TKNB\nPDawZ3m+THxi3YXJKTJWWlZJGhO4IYyhxXzZ72Pv7I2M/MkT4PPjPFYgpyvxPi/u\nZIlpcPikZfsqNhM5ho4gWAkHXw2zFX2MzZRGAaXbKY1OVusHhQKCAQEA78xWkuve\nZvQMnSq+qSk/Qf/+KJbik+JrCZdsTpXRrtKqxgknFhvC8HeR7QZqmTlBXPiw7NMt\nBuG3Lh/tof3lJTZ+35VPRvex9HsPzwoRfb1PVr/MzrIwtEIvoshOFH8LC2fPad3d\nW2RzOLCwA3GBlgc9tVMX1H72VOpUziAzTaLlVnMN+FpacreR8emU4LIuqvYrgymJ\ni/4jBVkipxNHeRcm4XT/VRuaduBcknF4jyz3zdOpZtdq1NHw2uyRl1ll4JWBHqGU\nsL2jsnEEFacxqB93FNorSJOighXDCRPCeA2+h8P2s11KopPozjn3a2xStKcQYou2\nmTZEf8pPju9EGQKCAQAtvgovPpeiLCbYWADUPbytJ9uywe7br3kcv+2mWOvGgXCS\nTcC2ZriV+rbb1/LTQZL6f8quLm9tC7KWCMyDAel5c+ahjrwiCRQlZ0aG+Tr+4i6J\nXt+0MCOXpbMbDSsok0Ck8mfFyjswdUIiTtAl5yJBoXc4xNDN7QSvhJwemtpy2B0d\nXfqTP9oNLaT28aByrTx+FpGKooGmwWxCD/jGf4qYQ3miXJ/jd1cle2DBof6W/ZU/\nEVkyDCsfxm8retLrCP7ViVUvbusfFWpK/g23PGZbzCWdl4yNzj8nCqw9wnLKY09W\npsjTw1RHCRO8Igto7uiMB9MD1a36hBWUAonq3YPpAoIBAG3cVvl+uGjAfJrwv2Lu\ns72AE6fy4KFSBSnixssGFoeamoSaIt8dHuVeUmueGe5S7eAzS5NkeGeDt5GZLRyf\nHoE7A0tZs3VW+59/VdHL0hGiTpv2yVUVC/05qWtRi3wWbC/wgnUFIWnCjos1X55k\nPTNH4/yTsgI3nJFwviOlWvvBmoJNuePDOVb/RQzor711xK2slGjF+e86Ij9MA/U5\nfvA6LCT0nhoWyGCYD7FD7TDjMDCLPTwRiy8vc8JIybbmTSdkN0CaVG3YpAuXfYCS\nFczphXv3LAdXJAenArDA7cJkwZqfrAGmxw/O5cS9h94eRZHgTEBps+FjnGRTgrmA\nYtkCggEBAIdKazBEZX6R36LsqYXv9EprFUXcM3WMuS/GVAZbwh0R/MpjtC+0+wFS\nAHgAZlreSuOU10xVsQyjadu8s9cbwARWOWGKop9a9orsgGM/KYSJO0jVLCuHkNqc\nqsafjBYSqDSqVfUniFeyqyHhKbdZOSssiR9lcvktTh4DVKxSWavVRMM5I5NMPZK6\nHEz5qZdEYYz8OPmRdvzc1VV11ngdLMaYmv7r8A4pA8WexSoy7Q7N5ecK5xRjAoRn\nXoGxXxK9OKurMmXqONwVahMxUMshCuq/te5OGmMkPkIazeVUEtX1W9Te9pP+dWb7\nnChZORGTSHAAqHg9arQlDa6L+VxTJuI=\n-----END PRIVATE KEY-----\n",
            "public_key_fingerprint_md5": "bb:4e:3e:2c:a3:98:33:c3:ff:e5:b8:26:f7:57:9b:f7",
            "public_key_fingerprint_sha256": "SHA256:rZGV3u+I5ex7samuwe7ViGaiW3jq0OwroA2er+1lm9o",
            "public_key_openssh": "ssh-rsa AAAAB3NzaC1yc2EAAAADAQABAAACAQDSB3QOipm624ZfmpgigNhvSz115MRpJ2k0XJjafDZPn/L38U2DUX8uLCX6AIpGLa1MRfkGcLMJ/5hzFKagS29Z+m3G54+8v4xTF9MkPVthXfq+BLg3BtGX6VMej9Ad05llbL0tOcF8W++uvaw3dsJe/mSgr6w0RR7mvjnxJF308CMIPEoh4P/j3t8KyC0c+QKNBhy7UlKrIKzQMzdbrjZynBXXi2w5RUZZeLd1jqSFJey7b3d3c9tV+LW5lo88wvnA8vifmeMXVesbnH19KSXreYNL4HMCtWp8bhGyJlpqWE5C7EIXN17TBeuWyMKd+rZJ3fC8o0fR92YKrj0lGeMdYre9OZbYtPlA+HAUsnROERDt5/1JUTeY3esMoeHSHGk6zHJ1k9nMhVcMTT/VzGGMummlilFGz4dC9eBlbZ0fSfGEQnJ5K5Y70FPGGrjSHJXR7qXnJBjua3b4yWddgx1z79CY52Nh4Wgie+WTY65D6c7krG5/k1Z5+VxvQPSUFShZ06EU4so2IVKYj5kmFmFjboEZwIWwAabeevcfaUn+U0AUFZnNKhm7qZb6vgj/ONBVTRwYORzO1gmL41VKliJv9FXqaiPLchPQNv1SQgJPTW2TnrYCRpr9VN9sJgc7dd7Ds6EMru3gl3mwbT/P6rz7Por7jk2U6v4mYmNfth4P/Q==\n",
            "public_key_pem": "-----BEGIN PUBLIC KEY-----\nMIICIjANBgkqhkiG9w0BAQEFAAOCAg8AMIICCgKCAgEA0gd0DoqZutuGX5qYIoDY\nb0s9deTEaSdpNFyY2nw2T5/y9/FNg1F/Liwl+gCKRi2tTEX5BnCzCf+YcxSmoEtv\nWfptxuePvL+MUxfTJD1bYV36vgS4NwbRl+lTHo/QHdOZZWy9LTnBfFvvrr2sN3bC\nXv5koK+sNEUe5r458SRd9PAjCDxKIeD/497fCsgtHPkCjQYcu1JSqyCs0DM3W642\ncpwV14tsOUVGWXi3dY6khSXsu293d3PbVfi1uZaPPML5wPL4n5njF1XrG5x9fSkl\n63mDS+BzArVqfG4RsiZaalhOQuxCFzde0wXrlsjCnfq2Sd3wvKNH0fdmCq49JRnj\nHWK3vTmW2LT5QPhwFLJ0ThEQ7ef9SVE3mN3rDKHh0hxpOsxydZPZzIVXDE0/1cxh\njLpppYpRRs+HQvXgZW2dH0nxhEJyeSuWO9BTxhq40hyV0e6l5yQY7mt2+MlnXYMd\nc+/QmOdjYeFoInvlk2OuQ+nO5Kxuf5NWeflcb0D0lBUoWdOhFOLKNiFSmI+ZJhZh\nY26BGcCFsAGm3nr3H2lJ/lNAFBWZzSoZu6mW+r4I/zjQVU0cGDkcztYJi+NVSpYi\nb/RV6mojy3IT0Db9UkICT01tk562Akaa/VTfbCYHO3Xew7OhDK7t4Jd5sG0/z+q8\n+z6K+45NlOr+JmJjX7YeD/0CAwEAAQ==\n-----END PUBLIC KEY-----\n",
            "rsa_bits": 4096
          },
          "sensitive_attributes": []
        }
      ]
    }
  ],
  "check_results": null
}
