{
  "version": 4,
  "terraform_version": "1.5.0",
  "serial": 210,
  "lineage": "8777a458-ed37-e977-b8a9-77957451caf5",
  "outputs": {
    "inst_dns": {
      "value": "ec2-18-230-56-221.sa-east-1.compute.amazonaws.com",
      "type": "string"
    },
    "inst_ip": {
      "value": "18.230.56.221",
      "type": "string"
    }
  },
  "resources": [
    {
      "mode": "data",
      "type": "aws_ami",
      "name": "next_api_server_ami",
      "provider": "provider[\"registry.terraform.io/hashicorp/aws\"]",
      "instances": [
        {
          "schema_version": 0,
          "attributes": {
            "architecture": "x86_64",
            "arn": "arn:aws:ec2:sa-east-1::image/ami-009dac42914e64b32",
            "block_device_mappings": [
              {
                "device_name": "/dev/sda1",
                "ebs": {
                  "delete_on_termination": "true",
                  "encrypted": "false",
                  "iops": "0",
                  "snapshot_id": "snap-0e4346a6dbe98c9e4",
                  "throughput": "0",
                  "volume_size": "8",
                  "volume_type": "gp2"
                },
                "no_device": "",
                "virtual_name": ""
              },
              {
                "device_name": "/dev/sdb",
                "ebs": {},
                "no_device": "",
                "virtual_name": "ephemeral0"
              },
              {
                "device_name": "/dev/sdc",
                "ebs": {},
                "no_device": "",
                "virtual_name": "ephemeral1"
              }
            ],
            "boot_mode": "legacy-bios",
            "creation_date": "2023-06-08T04:39:51.000Z",
            "deprecation_time": "2025-06-08T04:39:51.000Z",
            "description": "Canonical, Ubuntu, 22.04 LTS, amd64 jammy image build on 2023-06-08",
            "ena_support": true,
            "executable_users": null,
            "filter": [
              {
                "name": "name",
                "values": [
                  "ubuntu/images/hvm-ssd/ubuntu-jammy-22.04-amd64-server-*"
                ]
              },
              {
                "name": "virtualization-type",
                "values": [
                  "hvm"
                ]
              }
            ],
            "hypervisor": "xen",
            "id": "ami-009dac42914e64b32",
            "image_id": "ami-009dac42914e64b32",
            "image_location": "amazon/ubuntu/images/hvm-ssd/ubuntu-jammy-22.04-amd64-server-20230608",
            "image_owner_alias": "amazon",
            "image_type": "machine",
            "imds_support": "",
            "include_deprecated": false,
            "kernel_id": "",
            "most_recent": true,
            "name": "ubuntu/images/hvm-ssd/ubuntu-jammy-22.04-amd64-server-20230608",
            "name_regex": null,
            "owner_id": "099720109477",
            "owners": [
              "099720109477"
            ],
            "platform": "",
            "platform_details": "Linux/UNIX",
            "product_codes": [],
            "public": true,
            "ramdisk_id": "",
            "root_device_name": "/dev/sda1",
            "root_device_type": "ebs",
            "root_snapshot_id": "snap-0e4346a6dbe98c9e4",
            "sriov_net_support": "simple",
            "state": "available",
            "state_reason": {
              "code": "UNSET",
              "message": "UNSET"
            },
            "tags": {},
            "timeouts": null,
            "tpm_support": "",
            "usage_operation": "RunInstances",
            "virtualization_type": "hvm"
          },
          "sensitive_attributes": []
        }
      ]
    },
    {
      "mode": "managed",
      "type": "aws_instance",
      "name": "next_api_ec2_inst",
      "provider": "provider[\"registry.terraform.io/hashicorp/aws\"]",
      "instances": [
        {
          "schema_version": 1,
          "attributes": {
            "ami": "ami-009dac42914e64b32",
            "arn": "arn:aws:ec2:sa-east-1:874214505948:instance/i-0c64cd21a239560a7",
            "associate_public_ip_address": true,
            "availability_zone": "sa-east-1a",
            "capacity_reservation_specification": [
              {
                "capacity_reservation_preference": "open",
                "capacity_reservation_target": []
              }
            ],
            "cpu_core_count": 1,
            "cpu_options": [
              {
                "amd_sev_snp": "",
                "core_count": 1,
                "threads_per_core": 1
              }
            ],
            "cpu_threads_per_core": 1,
            "credit_specification": [
              {
                "cpu_credits": "standard"
              }
            ],
            "disable_api_stop": false,
            "disable_api_termination": false,
            "ebs_block_device": [],
            "ebs_optimized": false,
            "enclave_options": [
              {
                "enabled": false
              }
            ],
            "ephemeral_block_device": [],
            "get_password_data": false,
            "hibernation": false,
            "host_id": "",
            "host_resource_group_arn": null,
            "iam_instance_profile": "",
            "id": "i-0c64cd21a239560a7",
            "instance_initiated_shutdown_behavior": "stop",
            "instance_lifecycle": "",
            "instance_market_options": [],
            "instance_state": "running",
            "instance_type": "t2.micro",
            "ipv6_address_count": 0,
            "ipv6_addresses": [],
            "key_name": "next_api_key",
            "launch_template": [],
            "maintenance_options": [
              {
                "auto_recovery": "default"
              }
            ],
            "metadata_options": [
              {
                "http_endpoint": "enabled",
                "http_put_response_hop_limit": 1,
                "http_tokens": "optional",
                "instance_metadata_tags": "disabled"
              }
            ],
            "monitoring": false,
            "network_interface": [],
            "outpost_arn": "",
            "password_data": "",
            "placement_group": "",
            "placement_partition_number": 0,
            "primary_network_interface_id": "eni-0845e2e164cac5973",
            "private_dns": "ip-10-123-1-116.sa-east-1.compute.internal",
            "private_dns_name_options": [
              {
                "enable_resource_name_dns_a_record": false,
                "enable_resource_name_dns_aaaa_record": false,
                "hostname_type": "ip-name"
              }
            ],
            "private_ip": "10.123.1.116",
            "public_dns": "ec2-18-230-56-221.sa-east-1.compute.amazonaws.com",
            "public_ip": "18.230.56.221",
            "root_block_device": [
              {
                "delete_on_termination": true,
                "device_name": "/dev/sda1",
                "encrypted": false,
                "iops": 100,
                "kms_key_id": "",
                "tags": null,
                "throughput": 0,
                "volume_id": "vol-04c9a3cf991c72617",
                "volume_size": 8,
                "volume_type": "gp2"
              }
            ],
            "secondary_private_ips": [],
            "security_groups": [],
            "source_dest_check": true,
            "spot_instance_request_id": "",
            "subnet_id": "subnet-0ff5258be646a5fcd",
            "tags": {
              "Name": "next_api_ec2_inst"
            },
            "tags_all": {
              "Name": "next_api_ec2_inst"
            },
            "tenancy": "default",
            "timeouts": null,
            "user_data": "53b770c30435c1caaad855606d5dea4884436cae",
            "user_data_base64": null,
            "user_data_replace_on_change": false,
            "volume_tags": null,
            "vpc_security_group_ids": [
              "sg-0c9a2230bc3dc74f3"
            ]
          },
          "sensitive_attributes": [],
          "private": "eyJlMmJmYjczMC1lY2FhLTExZTYtOGY4OC0zNDM2M2JjN2M0YzAiOnsiY3JlYXRlIjo2MDAwMDAwMDAwMDAsImRlbGV0ZSI6MTIwMDAwMDAwMDAwMCwidXBkYXRlIjo2MDAwMDAwMDAwMDB9LCJzY2hlbWFfdmVyc2lvbiI6IjEifQ==",
          "dependencies": [
            "aws_key_pair.next_api_keys",
            "aws_security_group.next_api_sg",
            "aws_subnet.next_api_public_subnet",
            "aws_vpc.next_api_vpc",
            "data.aws_ami.next_api_server_ami",
            "tls_private_key.next_api_tls"
          ]
        }
      ]
    },
    {
      "mode": "managed",
      "type": "aws_internet_gateway",
      "name": "next_api_internet_gateway",
      "provider": "provider[\"registry.terraform.io/hashicorp/aws\"]",
      "instances": [
        {
          "schema_version": 0,
          "attributes": {
            "arn": "arn:aws:ec2:sa-east-1:874214505948:internet-gateway/igw-04933285ebf0e7fd1",
            "id": "igw-04933285ebf0e7fd1",
            "owner_id": "874214505948",
            "tags": {
              "Name": "dev-igw"
            },
            "tags_all": {
              "Name": "dev-igw"
            },
            "timeouts": null,
            "vpc_id": "vpc-0004c7f6fa37e81c2"
          },
          "sensitive_attributes": [],
          "private": "eyJlMmJmYjczMC1lY2FhLTExZTYtOGY4OC0zNDM2M2JjN2M0YzAiOnsiY3JlYXRlIjoxMjAwMDAwMDAwMDAwLCJkZWxldGUiOjEyMDAwMDAwMDAwMDAsInVwZGF0ZSI6MTIwMDAwMDAwMDAwMH19",
          "dependencies": [
            "aws_vpc.next_api_vpc"
          ]
        }
      ]
    },
    {
      "mode": "managed",
      "type": "aws_key_pair",
      "name": "next_api_keys",
      "provider": "provider[\"registry.terraform.io/hashicorp/aws\"]",
      "instances": [
        {
          "schema_version": 1,
          "attributes": {
            "arn": "arn:aws:ec2:sa-east-1:874214505948:key-pair/next_api_key",
            "fingerprint": "9b:67:82:60:ce:48:b4:46:c2:80:1e:da:78:7b:e0:b3",
            "id": "next_api_key",
            "key_name": "next_api_key",
            "key_name_prefix": "",
            "key_pair_id": "key-030578921b0d27660",
            "key_type": "rsa",
            "public_key": "ssh-rsa AAAAB3NzaC1yc2EAAAADAQABAAACAQC+XsqTL2O4MI7sYDFQgryQrCHgi086PIb6e5LZ2GAcJuEn/OV+6Dwg/cBAPKNvPoYxwTQMA11WzqDPoCZ4KH/5dJKOw3ak4KHygpb+sJualn5EXg0shZUm/zpnbMHGaDGVFkAgx4pnnc+jwYn5xVaeFme8Yo8tcAuqV8sAm2nfXXABn9m6sjaRtw+Jb8zTk3msmHVekb+aDxOl60PaJTEzHIMum/uZJthsZKeXURZfodT63kk8yOcOwYkSWK4wuIkEX1E3UvXXAeEun2d6MNqjEtw74gajC5VAx2YgYUF1dsaIOyesPxqKLKtOwHHM2ij3JfbzZTSw3cswD5NKNbAjaSDeru3GFl5k4BGpros5B7MGRYRIiA6lM3oSxWO8qWun4Avgvsw6X+iPu92fGwNF3ex626DbtNF7KH2aRUkKYxngTWW+kJEeyM/IlOaRvjMmFoWrANY/6GSQItwRtG2dF1x2O7G7Zgt+K9+AbcqlNQedvXPRHuHoT2wJtArS9/DJQ+XJk4u3BrK/U9+X3UTVFe5+u6E2Zo6MZMwSlfDz4UKHFFNcfnezJDateUAzJ+0fwrdyj413KQ3vKbhB44Be1HiaGu7cf4OK6C/DmuZBMTbuquUzBnKA+bz/d4bUiSrQgMuvCM07XnMX+1s8Od20FjAW0TMryvKB7AOh/7CJSQ==",
            "tags": null,
            "tags_all": {}
          },
          "sensitive_attributes": [],
          "private": "eyJzY2hlbWFfdmVyc2lvbiI6IjEifQ==",
          "dependencies": [
            "tls_private_key.next_api_tls"
          ]
        }
      ]
    },
    {
      "mode": "managed",
      "type": "aws_route",
      "name": "default_route",
      "provider": "provider[\"registry.terraform.io/hashicorp/aws\"]",
      "instances": [
        {
          "schema_version": 0,
          "attributes": {
            "carrier_gateway_id": "",
            "core_network_arn": "",
            "destination_cidr_block": "0.0.0.0/0",
            "destination_ipv6_cidr_block": "",
            "destination_prefix_list_id": "",
            "egress_only_gateway_id": "",
            "gateway_id": "igw-04933285ebf0e7fd1",
            "id": "r-rtb-0d5d3ff7f35a50eae1080289494",
            "instance_id": "",
            "instance_owner_id": "",
            "local_gateway_id": "",
            "nat_gateway_id": "",
            "network_interface_id": "",
            "origin": "CreateRoute",
            "route_table_id": "rtb-0d5d3ff7f35a50eae",
            "state": "active",
            "timeouts": null,
            "transit_gateway_id": "",
            "vpc_endpoint_id": "",
            "vpc_peering_connection_id": ""
          },
          "sensitive_attributes": [],
          "private": "eyJlMmJmYjczMC1lY2FhLTExZTYtOGY4OC0zNDM2M2JjN2M0YzAiOnsiY3JlYXRlIjozMDAwMDAwMDAwMDAsImRlbGV0ZSI6MzAwMDAwMDAwMDAwLCJ1cGRhdGUiOjEyMDAwMDAwMDAwMH19",
          "dependencies": [
            "aws_internet_gateway.next_api_internet_gateway",
            "aws_route_table.next_api_public_rt",
            "aws_vpc.next_api_vpc"
          ]
        }
      ]
    },
    {
      "mode": "managed",
      "type": "aws_route_table",
      "name": "next_api_public_rt",
      "provider": "provider[\"registry.terraform.io/hashicorp/aws\"]",
      "instances": [
        {
          "schema_version": 0,
          "attributes": {
            "arn": "arn:aws:ec2:sa-east-1:874214505948:route-table/rtb-0d5d3ff7f35a50eae",
            "id": "rtb-0d5d3ff7f35a50eae",
            "owner_id": "874214505948",
            "propagating_vgws": [],
            "route": [],
            "tags": {
              "Name": "dev_public_rt"
            },
            "tags_all": {
              "Name": "dev_public_rt"
            },
            "timeouts": null,
            "vpc_id": "vpc-0004c7f6fa37e81c2"
          },
          "sensitive_attributes": [],
          "private": "eyJlMmJmYjczMC1lY2FhLTExZTYtOGY4OC0zNDM2M2JjN2M0YzAiOnsiY3JlYXRlIjozMDAwMDAwMDAwMDAsImRlbGV0ZSI6MzAwMDAwMDAwMDAwLCJ1cGRhdGUiOjEyMDAwMDAwMDAwMH19",
          "dependencies": [
            "aws_vpc.next_api_vpc"
          ]
        }
      ]
    },
    {
      "mode": "managed",
      "type": "aws_route_table_association",
      "name": "public_assoc",
      "provider": "provider[\"registry.terraform.io/hashicorp/aws\"]",
      "instances": [
        {
          "schema_version": 0,
          "attributes": {
            "gateway_id": "",
            "id": "rtbassoc-006b05c303581ff22",
            "route_table_id": "rtb-0d5d3ff7f35a50eae",
            "subnet_id": "subnet-0ff5258be646a5fcd",
            "timeouts": null
          },
          "sensitive_attributes": [],
          "private": "eyJlMmJmYjczMC1lY2FhLTExZTYtOGY4OC0zNDM2M2JjN2M0YzAiOnsiY3JlYXRlIjozMDAwMDAwMDAwMDAsImRlbGV0ZSI6MzAwMDAwMDAwMDAwLCJ1cGRhdGUiOjEyMDAwMDAwMDAwMH19",
          "dependencies": [
            "aws_route_table.next_api_public_rt",
            "aws_subnet.next_api_public_subnet",
            "aws_vpc.next_api_vpc"
          ]
        }
      ]
    },
    {
      "mode": "managed",
      "type": "aws_security_group",
      "name": "next_api_sg",
      "provider": "provider[\"registry.terraform.io/hashicorp/aws\"]",
      "instances": [
        {
          "schema_version": 1,
          "attributes": {
            "arn": "arn:aws:ec2:sa-east-1:874214505948:security-group/sg-0c9a2230bc3dc74f3",
            "description": "next_api security group",
            "egress": [],
            "id": "sg-0c9a2230bc3dc74f3",
            "ingress": [],
            "name": "next_api_sg",
            "name_prefix": "",
            "owner_id": "874214505948",
            "revoke_rules_on_delete": false,
            "tags": {
              "Name": "next_api_sg"
            },
            "tags_all": {
              "Name": "next_api_sg"
            },
            "timeouts": null,
            "vpc_id": "vpc-0004c7f6fa37e81c2"
          },
          "sensitive_attributes": [],
          "private": "eyJlMmJmYjczMC1lY2FhLTExZTYtOGY4OC0zNDM2M2JjN2M0YzAiOnsiY3JlYXRlIjo2MDAwMDAwMDAwMDAsImRlbGV0ZSI6OTAwMDAwMDAwMDAwfSwic2NoZW1hX3ZlcnNpb24iOiIxIn0=",
          "dependencies": [
            "aws_vpc.next_api_vpc"
          ]
        }
      ]
    },
    {
      "mode": "managed",
      "type": "aws_security_group_rule",
      "name": "public_in_http",
      "provider": "provider[\"registry.terraform.io/hashicorp/aws\"]",
      "instances": [
        {
          "schema_version": 2,
          "attributes": {
            "cidr_blocks": [
              "0.0.0.0/0"
            ],
            "description": null,
            "from_port": 80,
            "id": "sgrule-3799047717",
            "ipv6_cidr_blocks": null,
            "prefix_list_ids": null,
            "protocol": "tcp",
            "security_group_id": "sg-0c9a2230bc3dc74f3",
            "security_group_rule_id": "sgr-0d8f451329362dca3",
            "self": false,
            "source_security_group_id": null,
            "timeouts": null,
            "to_port": 80,
            "type": "ingress"
          },
          "sensitive_attributes": [],
          "private": "eyJlMmJmYjczMC1lY2FhLTExZTYtOGY4OC0zNDM2M2JjN2M0YzAiOnsiY3JlYXRlIjozMDAwMDAwMDAwMDB9LCJzY2hlbWFfdmVyc2lvbiI6IjIifQ==",
          "dependencies": [
            "aws_security_group.next_api_sg",
            "aws_vpc.next_api_vpc"
          ]
        }
      ]
    },
    {
      "mode": "managed",
      "type": "aws_security_group_rule",
      "name": "public_in_https",
      "provider": "provider[\"registry.terraform.io/hashicorp/aws\"]",
      "instances": [
        {
          "schema_version": 2,
          "attributes": {
            "cidr_blocks": [
              "0.0.0.0/0"
            ],
            "description": null,
            "from_port": 443,
            "id": "sgrule-800829366",
            "ipv6_cidr_blocks": null,
            "prefix_list_ids": null,
            "protocol": "tcp",
            "security_group_id": "sg-0c9a2230bc3dc74f3",
            "security_group_rule_id": "sgr-0fbe77057c1315c71",
            "self": false,
            "source_security_group_id": null,
            "timeouts": null,
            "to_port": 443,
            "type": "ingress"
          },
          "sensitive_attributes": [],
          "private": "eyJlMmJmYjczMC1lY2FhLTExZTYtOGY4OC0zNDM2M2JjN2M0YzAiOnsiY3JlYXRlIjozMDAwMDAwMDAwMDB9LCJzY2hlbWFfdmVyc2lvbiI6IjIifQ==",
          "dependencies": [
            "aws_security_group.next_api_sg",
            "aws_vpc.next_api_vpc"
          ]
        }
      ]
    },
    {
      "mode": "managed",
      "type": "aws_security_group_rule",
      "name": "public_in_ssh",
      "provider": "provider[\"registry.terraform.io/hashicorp/aws\"]",
      "instances": [
        {
          "schema_version": 2,
          "attributes": {
            "cidr_blocks": [
              "0.0.0.0/0"
            ],
            "description": null,
            "from_port": 22,
            "id": "sgrule-1425703824",
            "ipv6_cidr_blocks": null,
            "prefix_list_ids": null,
            "protocol": "tcp",
            "security_group_id": "sg-0c9a2230bc3dc74f3",
            "security_group_rule_id": "sgr-0167af5b9df487415",
            "self": false,
            "source_security_group_id": null,
            "timeouts": null,
            "to_port": 22,
            "type": "ingress"
          },
          "sensitive_attributes": [],
          "private": "eyJlMmJmYjczMC1lY2FhLTExZTYtOGY4OC0zNDM2M2JjN2M0YzAiOnsiY3JlYXRlIjozMDAwMDAwMDAwMDB9LCJzY2hlbWFfdmVyc2lvbiI6IjIifQ==",
          "dependencies": [
            "aws_security_group.next_api_sg",
            "aws_vpc.next_api_vpc"
          ]
        }
      ]
    },
    {
      "mode": "managed",
      "type": "aws_security_group_rule",
      "name": "public_out",
      "provider": "provider[\"registry.terraform.io/hashicorp/aws\"]",
      "instances": [
        {
          "schema_version": 2,
          "attributes": {
            "cidr_blocks": [
              "0.0.0.0/0"
            ],
            "description": null,
            "from_port": 0,
            "id": "sgrule-1525572315",
            "ipv6_cidr_blocks": null,
            "prefix_list_ids": null,
            "protocol": "-1",
            "security_group_id": "sg-0c9a2230bc3dc74f3",
            "security_group_rule_id": "sgr-08afe95267c2dfcd6",
            "self": false,
            "source_security_group_id": null,
            "timeouts": null,
            "to_port": 0,
            "type": "egress"
          },
          "sensitive_attributes": [],
          "private": "eyJlMmJmYjczMC1lY2FhLTExZTYtOGY4OC0zNDM2M2JjN2M0YzAiOnsiY3JlYXRlIjozMDAwMDAwMDAwMDB9LCJzY2hlbWFfdmVyc2lvbiI6IjIifQ==",
          "dependencies": [
            "aws_security_group.next_api_sg",
            "aws_vpc.next_api_vpc"
          ]
        }
      ]
    },
    {
      "mode": "managed",
      "type": "aws_subnet",
      "name": "next_api_public_subnet",
      "provider": "provider[\"registry.terraform.io/hashicorp/aws\"]",
      "instances": [
        {
          "schema_version": 1,
          "attributes": {
            "arn": "arn:aws:ec2:sa-east-1:874214505948:subnet/subnet-0ff5258be646a5fcd",
            "assign_ipv6_address_on_creation": false,
            "availability_zone": "sa-east-1a",
            "availability_zone_id": "sae1-az1",
            "cidr_block": "10.123.1.0/24",
            "customer_owned_ipv4_pool": "",
            "enable_dns64": false,
            "enable_lni_at_device_index": 0,
            "enable_resource_name_dns_a_record_on_launch": false,
            "enable_resource_name_dns_aaaa_record_on_launch": false,
            "id": "subnet-0ff5258be646a5fcd",
            "ipv6_cidr_block": "",
            "ipv6_cidr_block_association_id": "",
            "ipv6_native": false,
            "map_customer_owned_ip_on_launch": false,
            "map_public_ip_on_launch": true,
            "outpost_arn": "",
            "owner_id": "874214505948",
            "private_dns_hostname_type_on_launch": "ip-name",
            "tags": {
              "Name": "dev-public"
            },
            "tags_all": {
              "Name": "dev-public"
            },
            "timeouts": null,
            "vpc_id": "vpc-0004c7f6fa37e81c2"
          },
          "sensitive_attributes": [],
          "private": "eyJlMmJmYjczMC1lY2FhLTExZTYtOGY4OC0zNDM2M2JjN2M0YzAiOnsiY3JlYXRlIjo2MDAwMDAwMDAwMDAsImRlbGV0ZSI6MTIwMDAwMDAwMDAwMH0sInNjaGVtYV92ZXJzaW9uIjoiMSJ9",
          "dependencies": [
            "aws_vpc.next_api_vpc"
          ]
        }
      ]
    },
    {
      "mode": "managed",
      "type": "aws_vpc",
      "name": "next_api_vpc",
      "provider": "provider[\"registry.terraform.io/hashicorp/aws\"]",
      "instances": [
        {
          "schema_version": 1,
          "attributes": {
            "arn": "arn:aws:ec2:sa-east-1:874214505948:vpc/vpc-0004c7f6fa37e81c2",
            "assign_generated_ipv6_cidr_block": false,
            "cidr_block": "10.123.0.0/16",
            "default_network_acl_id": "acl-02f3dd31d14211f0e",
            "default_route_table_id": "rtb-080afd318cb9ac398",
            "default_security_group_id": "sg-001a986b6101028a1",
            "dhcp_options_id": "dopt-03153accd2f178688",
            "enable_dns_hostnames": true,
            "enable_dns_support": true,
            "enable_network_address_usage_metrics": false,
            "id": "vpc-0004c7f6fa37e81c2",
            "instance_tenancy": "default",
            "ipv4_ipam_pool_id": null,
            "ipv4_netmask_length": null,
            "ipv6_association_id": "",
            "ipv6_cidr_block": "",
            "ipv6_cidr_block_network_border_group": "",
            "ipv6_ipam_pool_id": "",
            "ipv6_netmask_length": 0,
            "main_route_table_id": "rtb-080afd318cb9ac398",
            "owner_id": "874214505948",
            "tags": {
              "Name": "dev"
            },
            "tags_all": {
              "Name": "dev"
            }
          },
          "sensitive_attributes": [],
          "private": "eyJzY2hlbWFfdmVyc2lvbiI6IjEifQ=="
        }
      ]
    },
    {
      "mode": "managed",
      "type": "tls_private_key",
      "name": "next_api_tls",
      "provider": "provider[\"registry.terraform.io/hashicorp/tls\"]",
      "instances": [
        {
          "schema_version": 1,
          "attributes": {
            "algorithm": "RSA",
            "ecdsa_curve": "P224",
            "id": "c17ac07bb3b465f653bc176d4b4c691003f8bb4e",
            "private_key_openssh": "-----BEGIN OPENSSH PRIVATE KEY-----\nb3BlbnNzaC1rZXktdjEAAAAABG5vbmUAAAAEbm9uZQAAAAAAAAABAAACFwAAAAdz\nc2gtcnNhAAAAAwEAAQAAAgEAvl7Kky9juDCO7GAxUIK8kKwh4ItPOjyG+nuS2dhg\nHCbhJ/zlfug8IP3AQDyjbz6GMcE0DANdVs6gz6AmeCh/+XSSjsN2pOCh8oKW/rCb\nmpZ+RF4NLIWVJv86Z2zBxmgxlRZAIMeKZ53Po8GJ+cVWnhZnvGKPLXALqlfLAJtp\n311wAZ/ZurI2kbcPiW/M05N5rJh1XpG/mg8TpetD2iUxMxyDLpv7mSbYbGSnl1EW\nX6HU+t5JPMjnDsGJEliuMLiJBF9RN1L11wHhLp9nejDaoxLcO+IGowuVQMdmIGFB\ndXbGiDsnrD8aiiyrTsBxzNoo9yX282U0sN3LMA+TSjWwI2kg3q7txhZeZOARqa6L\nOQezBkWESIgOpTN6EsVjvKlrp+AL4L7MOl/oj7vdnxsDRd3setug27TReyh9mkVJ\nCmMZ4E1lvpCRHsjPyJTmkb4zJhaFqwDWP+hkkCLcEbRtnRdcdjuxu2YLfivfgG3K\npTUHnb1z0R7h6E9sCbQK0vfwyUPlyZOLtwayv1Pfl91E1RXufruhNmaOjGTMEpXw\n8+FChxRTXH53syQ2rXlAMyftH8K3co+NdykN7ym4QeOAXtR4mhru3H+Diugvw5rm\nQTE27qrlMwZygPm8/3eG1Ikq0IDLrwjNO15zF/tbPDndtBYwFtEzK8rygewDof+w\niUkAAAc4IXR/nSF0f50AAAAHc3NoLXJzYQAAAgEAvl7Kky9juDCO7GAxUIK8kKwh\n4ItPOjyG+nuS2dhgHCbhJ/zlfug8IP3AQDyjbz6GMcE0DANdVs6gz6AmeCh/+XSS\njsN2pOCh8oKW/rCbmpZ+RF4NLIWVJv86Z2zBxmgxlRZAIMeKZ53Po8GJ+cVWnhZn\nvGKPLXALqlfLAJtp311wAZ/ZurI2kbcPiW/M05N5rJh1XpG/mg8TpetD2iUxMxyD\nLpv7mSbYbGSnl1EWX6HU+t5JPMjnDsGJEliuMLiJBF9RN1L11wHhLp9nejDaoxLc\nO+IGowuVQMdmIGFBdXbGiDsnrD8aiiyrTsBxzNoo9yX282U0sN3LMA+TSjWwI2kg\n3q7txhZeZOARqa6LOQezBkWESIgOpTN6EsVjvKlrp+AL4L7MOl/oj7vdnxsDRd3s\netug27TReyh9mkVJCmMZ4E1lvpCRHsjPyJTmkb4zJhaFqwDWP+hkkCLcEbRtnRdc\ndjuxu2YLfivfgG3KpTUHnb1z0R7h6E9sCbQK0vfwyUPlyZOLtwayv1Pfl91E1RXu\nfruhNmaOjGTMEpXw8+FChxRTXH53syQ2rXlAMyftH8K3co+NdykN7ym4QeOAXtR4\nmhru3H+Diugvw5rmQTE27qrlMwZygPm8/3eG1Ikq0IDLrwjNO15zF/tbPDndtBYw\nFtEzK8rygewDof+wiUkAAAADAQABAAACAQCdfbpFbe0nkjSLZUEnBCGP5nfYVifj\nW/OnAdiJlLJeV+PpuxT5mpM0D/meqwvimm1WeCngzl/H0wXC/xEUUx0ceM5OgXKE\nELqp8FOOvPjeOSaY1N49OP4d1wSwT4833zc1ycSf2bSs6CfBp/nHwvRXsN19QmSF\nCK7968er5ub9vUVOcroj9A+lGTcnUnC3kMgWe8KNzDIg99wfZbUqoZ5EVJBKXQ0W\ntMZTVio3ywOhdjbGnGMmgGZ3FLGblfX1pJTmIx0DkgSELa/nbESlGAmo44+Dkwg+\nlvSRNOVOYGdREERKq/W0UDham33VluwOt2Uwoh3dWpruv267ggcuW6AtHZnJEq+a\nVBy5Wyf6Kclvk/B9WMAPC9wr0aWdEMbRSkAsYATVqhgF7HjtuaOzE465ptaEjHbF\nDR5GljPs0Cy6CM2AWa8zHMJ9GkdYmZau+I6xGJK0AXG6bk8qsumCRSP9LUusu75f\n9RG6krdkbG8Rmzm03EbErWbcWto2wByGzLmS+6ihrkfsRCzJjTiY8qAECsPtrwYa\nAgdXt4JcGGMh+O2lgTiWs47tG7+NGdKY5zkKWsjoz0pk/ri+CP91zNrG8u1SPpvt\nwy+g7fQi7rst3NGmNNjfXLq1EDfkft0VOXT642aAE+zTLV+DVH6A4OZ6b5Zn5PWM\nYGHdjQXbtzVgyQAAAQBO29l9vPiNLJBA+71Db6lIqkfXe6Jyxa3WGNDrDCsL0+0S\nZUfJ2cb3rk0w69OlSPxiZWlMJgnV4N1SKTSTFNy3Hczx7iJsVcw7BLfme/dasZTt\nvBAeYy/UE+ChR8rQ/CVco+YZpKPpMQqYdhVqauv9/8cuS8+x97pvmJoMmVGOuclr\njhdT9g5zb4zqU/kb4hnqZxTvegEYzIN0RPio0Ma5oJqzteUV0QbR5S3rWlbP4Rtf\n3KImzgY16eTg2LOIm88Y6fCeEH3w5Z268cftEN3RY7m4vXe1Fx60CRhff4xMMgCQ\nbj/f+6x46FjugtIqRP2HveiqXanYc5q6z6Q3VGkIAAABAQDpI5QnWQwm8ohWtTWp\nQc4gPjUsWoeCjMLSQp4D8Krom86cY5C9IGvtcb+ROm6crsUMbogjVLSk2tka5gK8\nCVA3f6VIGBEKRPkUxn0iPehCWabM6YP76E7KDhTGfD0a7ESEd0WWIfIbjexVk8Nj\nk4umVwDxwyZpd1BeWMFUeSU/2RWqPR12uKZyHqTZ/gZMk9E9W9U3FWsAJ6BGmomH\nnFWC6QjiHsDE/8CZNk+VBTib2RNKytghvwfZ1QkiKbN4rT6FTLkmrrgHKzN0WHt9\nxT7gpuyvzLr0qkbRIhWdBvbpCXaTKL+n/6hwWSIT6D8RWW+wuJ3r0jsfTzNduVdI\nzTC/AAABAQDRCZoiiKmP0j1LNUajEXzSNVxc80khB2yhoehebU7/bIU+7hm2V8nu\nTN/Pv3M0cjmlUxjY+YaGmn7daOPFmoYtavOfkn9Mr3a21r/tY1rG6DFWCdMpWo9Z\n6vlTTseVZ9aF9C+Z7BZLdIi43tnj4xUDhFUJIV5qOwTfSAaW325PfJrwE62Zr7mi\nik/b/zXkiz91TfDUWlgf01B8xLPZiU+VE11R1x6SKsODCZ4Dz3ZveYKYo7Y9Ge7f\n4HoQmLauqb8QHegOS2WuQCqDdvSLoAnNpGG0sLRUVEODOoC8ZWLZkFZinT5Bqfx1\na+WzAtBv9W4ZEOHOJpB9fLF68YyTqL/3AAAAAAEC\n-----END OPENSSH PRIVATE KEY-----\n",
            "private_key_pem": "-----BEGIN RSA PRIVATE KEY-----\nMIIJKgIBAAKCAgEAvl7Kky9juDCO7GAxUIK8kKwh4ItPOjyG+nuS2dhgHCbhJ/zl\nfug8IP3AQDyjbz6GMcE0DANdVs6gz6AmeCh/+XSSjsN2pOCh8oKW/rCbmpZ+RF4N\nLIWVJv86Z2zBxmgxlRZAIMeKZ53Po8GJ+cVWnhZnvGKPLXALqlfLAJtp311wAZ/Z\nurI2kbcPiW/M05N5rJh1XpG/mg8TpetD2iUxMxyDLpv7mSbYbGSnl1EWX6HU+t5J\nPMjnDsGJEliuMLiJBF9RN1L11wHhLp9nejDaoxLcO+IGowuVQMdmIGFBdXbGiDsn\nrD8aiiyrTsBxzNoo9yX282U0sN3LMA+TSjWwI2kg3q7txhZeZOARqa6LOQezBkWE\nSIgOpTN6EsVjvKlrp+AL4L7MOl/oj7vdnxsDRd3setug27TReyh9mkVJCmMZ4E1l\nvpCRHsjPyJTmkb4zJhaFqwDWP+hkkCLcEbRtnRdcdjuxu2YLfivfgG3KpTUHnb1z\n0R7h6E9sCbQK0vfwyUPlyZOLtwayv1Pfl91E1RXufruhNmaOjGTMEpXw8+FChxRT\nXH53syQ2rXlAMyftH8K3co+NdykN7ym4QeOAXtR4mhru3H+Diugvw5rmQTE27qrl\nMwZygPm8/3eG1Ikq0IDLrwjNO15zF/tbPDndtBYwFtEzK8rygewDof+wiUkCAwEA\nAQKCAgEAnX26RW3tJ5I0i2VBJwQhj+Z32FYn41vzpwHYiZSyXlfj6bsU+ZqTNA/5\nnqsL4pptVngp4M5fx9MFwv8RFFMdHHjOToFyhBC6qfBTjrz43jkmmNTePTj+HdcE\nsE+PN983NcnEn9m0rOgnwaf5x8L0V7DdfUJkhQiu/evHq+bm/b1FTnK6I/QPpRk3\nJ1Jwt5DIFnvCjcwyIPfcH2W1KqGeRFSQSl0NFrTGU1YqN8sDoXY2xpxjJoBmdxSx\nm5X19aSU5iMdA5IEhC2v52xEpRgJqOOPg5MIPpb0kTTlTmBnURBESqv1tFA4Wpt9\n1ZbsDrdlMKId3Vqa7r9uu4IHLlugLR2ZyRKvmlQcuVsn+inJb5PwfVjADwvcK9Gl\nnRDG0UpALGAE1aoYBex47bmjsxOOuabWhIx2xQ0eRpYz7NAsugjNgFmvMxzCfRpH\nWJmWrviOsRiStAFxum5PKrLpgkUj/S1LrLu+X/URupK3ZGxvEZs5tNxGxK1m3Fra\nNsAchsy5kvuooa5H7EQsyY04mPKgBArD7a8GGgIHV7eCXBhjIfjtpYE4lrOO7Ru/\njRnSmOc5ClrI6M9KZP64vgj/dczaxvLtUj6b7cMvoO30Iu67LdzRpjTY31y6tRA3\n5H7dFTl0+uNmgBPs0y1fg1R+gODmem+WZ+T1jGBh3Y0F27c1YMkCggEBAOkjlCdZ\nDCbyiFa1NalBziA+NSxah4KMwtJCngPwquibzpxjkL0ga+1xv5E6bpyuxQxuiCNU\ntKTa2RrmArwJUDd/pUgYEQpE+RTGfSI96EJZpszpg/voTsoOFMZ8PRrsRIR3RZYh\n8huN7FWTw2OTi6ZXAPHDJml3UF5YwVR5JT/ZFao9HXa4pnIepNn+BkyT0T1b1TcV\nawAnoEaaiYecVYLpCOIewMT/wJk2T5UFOJvZE0rK2CG/B9nVCSIps3itPoVMuSau\nuAcrM3RYe33FPuCm7K/MuvSqRtEiFZ0G9ukJdpMov6f/qHBZIhPoPxFZb7C4nevS\nOx9PM125V0jNML8CggEBANEJmiKIqY/SPUs1RqMRfNI1XFzzSSEHbKGh6F5tTv9s\nhT7uGbZXye5M38+/czRyOaVTGNj5hoaaft1o48Wahi1q85+Sf0yvdrbWv+1jWsbo\nMVYJ0ylaj1nq+VNOx5Vn1oX0L5nsFkt0iLje2ePjFQOEVQkhXmo7BN9IBpbfbk98\nmvATrZmvuaKKT9v/NeSLP3VN8NRaWB/TUHzEs9mJT5UTXVHXHpIqw4MJngPPdm95\ngpijtj0Z7t/gehCYtq6pvxAd6A5LZa5AKoN29IugCc2kYbSwtFRUQ4M6gLxlYtmQ\nVmKdPkGp/HVr5bMC0G/1bhkQ4c4mkH18sXrxjJOov/cCggEBAKcFlTMnSVxxrpkn\n0xzCBxD0YBW5eZFelIgbr6a0+UwRq1BAyEWl/4wpTIuXp/zZ/FMusJtXKN9d5eGu\nXNEnfu9zpA5lJ3gK98MZfDZW0ZkPLz9oH+UNhbydn+aexQwPrfqUlCa9hPyWjXS1\nmmoxHv/5HrUVEOTH1KzyuvZwn+4A8NN4Wy5dlOj26TU/FnYwA9wIeVSwJGsE+H78\nYYDk0CIsHvAYBhRcATgCP7tL9UU5m+eeMH7ko5Q8WgG+jFPtEXhgAdkjnLWODpvQ\ndBAjiitZiwFbE6kKgBd9aqyHe8ZxwCAnNj7+Gkb6pD5MyTn9r9WUPZbfkvmYPP1t\nNYnzbnMCggEBAL1MCLzFLWgEZ2U39aOuLm7dy6qQ1eSHKKSmThtUuXks+O0oCTjK\n/x5Bl1w2b0lLN1Czk4jJTj2Ootw2JC3J5UAz3jLfI1B6hPLGPj/m/Umq8yKK+yIz\n1CUFWItMiAiQZAAiRQkKdpYWDcn8ZSytc1Yf/DGseieRErRwMSdnZimtGVHXQBow\nu9apkfATiOZSA0FjN3fV6H/JiNWz+3o/kkXZp2R5fkG3YB3GE8Y3lXUVgGJhvqJO\nXbd3PJLS+HvrVA5wRrjLJmVJzjYG/yWB497JwYEzk9naBNlNnU7+MSn8P35GDx6/\npNNgxj35inAYvX8Nfq6E1cwNo1tGaps88bkCggEATtvZfbz4jSyQQPu9Q2+pSKpH\n13uicsWt1hjQ6wwrC9PtEmVHydnG965NMOvTpUj8YmVpTCYJ1eDdUik0kxTctx3M\n8e4ibFXMOwS35nv3WrGU7bwQHmMv1BPgoUfK0PwlXKPmGaSj6TEKmHYVamrr/f/H\nLkvPsfe6b5iaDJlRjrnJa44XU/YOc2+M6lP5G+IZ6mcU73oBGMyDdET4qNDGuaCa\ns7XlFdEG0eUt61pWz+EbX9yiJs4GNenk4NiziJvPGOnwnhB98OWduvHH7RDd0WO5\nuL13tRcetAkYX3+MTDIAkG4/3/useOhY7oLSKkT9h73oql2p2HOaus+kN1RpCA==\n-----END RSA PRIVATE KEY-----\n",
            "private_key_pem_pkcs8": "-----BEGIN PRIVATE KEY-----\nMIIJRAIBADANBgkqhkiG9w0BAQEFAASCCS4wggkqAgEAAoICAQC+XsqTL2O4MI7s\nYDFQgryQrCHgi086PIb6e5LZ2GAcJuEn/OV+6Dwg/cBAPKNvPoYxwTQMA11WzqDP\noCZ4KH/5dJKOw3ak4KHygpb+sJualn5EXg0shZUm/zpnbMHGaDGVFkAgx4pnnc+j\nwYn5xVaeFme8Yo8tcAuqV8sAm2nfXXABn9m6sjaRtw+Jb8zTk3msmHVekb+aDxOl\n60PaJTEzHIMum/uZJthsZKeXURZfodT63kk8yOcOwYkSWK4wuIkEX1E3UvXXAeEu\nn2d6MNqjEtw74gajC5VAx2YgYUF1dsaIOyesPxqKLKtOwHHM2ij3JfbzZTSw3csw\nD5NKNbAjaSDeru3GFl5k4BGpros5B7MGRYRIiA6lM3oSxWO8qWun4Avgvsw6X+iP\nu92fGwNF3ex626DbtNF7KH2aRUkKYxngTWW+kJEeyM/IlOaRvjMmFoWrANY/6GSQ\nItwRtG2dF1x2O7G7Zgt+K9+AbcqlNQedvXPRHuHoT2wJtArS9/DJQ+XJk4u3BrK/\nU9+X3UTVFe5+u6E2Zo6MZMwSlfDz4UKHFFNcfnezJDateUAzJ+0fwrdyj413KQ3v\nKbhB44Be1HiaGu7cf4OK6C/DmuZBMTbuquUzBnKA+bz/d4bUiSrQgMuvCM07XnMX\n+1s8Od20FjAW0TMryvKB7AOh/7CJSQIDAQABAoICAQCdfbpFbe0nkjSLZUEnBCGP\n5nfYVifjW/OnAdiJlLJeV+PpuxT5mpM0D/meqwvimm1WeCngzl/H0wXC/xEUUx0c\neM5OgXKEELqp8FOOvPjeOSaY1N49OP4d1wSwT4833zc1ycSf2bSs6CfBp/nHwvRX\nsN19QmSFCK7968er5ub9vUVOcroj9A+lGTcnUnC3kMgWe8KNzDIg99wfZbUqoZ5E\nVJBKXQ0WtMZTVio3ywOhdjbGnGMmgGZ3FLGblfX1pJTmIx0DkgSELa/nbESlGAmo\n44+Dkwg+lvSRNOVOYGdREERKq/W0UDham33VluwOt2Uwoh3dWpruv267ggcuW6At\nHZnJEq+aVBy5Wyf6Kclvk/B9WMAPC9wr0aWdEMbRSkAsYATVqhgF7HjtuaOzE465\nptaEjHbFDR5GljPs0Cy6CM2AWa8zHMJ9GkdYmZau+I6xGJK0AXG6bk8qsumCRSP9\nLUusu75f9RG6krdkbG8Rmzm03EbErWbcWto2wByGzLmS+6ihrkfsRCzJjTiY8qAE\nCsPtrwYaAgdXt4JcGGMh+O2lgTiWs47tG7+NGdKY5zkKWsjoz0pk/ri+CP91zNrG\n8u1SPpvtwy+g7fQi7rst3NGmNNjfXLq1EDfkft0VOXT642aAE+zTLV+DVH6A4OZ6\nb5Zn5PWMYGHdjQXbtzVgyQKCAQEA6SOUJ1kMJvKIVrU1qUHOID41LFqHgozC0kKe\nA/Cq6JvOnGOQvSBr7XG/kTpunK7FDG6II1S0pNrZGuYCvAlQN3+lSBgRCkT5FMZ9\nIj3oQlmmzOmD++hOyg4Uxnw9GuxEhHdFliHyG43sVZPDY5OLplcA8cMmaXdQXljB\nVHklP9kVqj0ddrimch6k2f4GTJPRPVvVNxVrACegRpqJh5xVgukI4h7AxP/AmTZP\nlQU4m9kTSsrYIb8H2dUJIimzeK0+hUy5Jq64ByszdFh7fcU+4Kbsr8y69KpG0SIV\nnQb26Ql2kyi/p/+ocFkiE+g/EVlvsLid69I7H08zXblXSM0wvwKCAQEA0QmaIoip\nj9I9SzVGoxF80jVcXPNJIQdsoaHoXm1O/2yFPu4ZtlfJ7kzfz79zNHI5pVMY2PmG\nhpp+3WjjxZqGLWrzn5J/TK92tta/7WNaxugxVgnTKVqPWer5U07HlWfWhfQvmewW\nS3SIuN7Z4+MVA4RVCSFeajsE30gGlt9uT3ya8BOtma+5oopP2/815Is/dU3w1FpY\nH9NQfMSz2YlPlRNdUdcekirDgwmeA892b3mCmKO2PRnu3+B6EJi2rqm/EB3oDktl\nrkAqg3b0i6AJzaRhtLC0VFRDgzqAvGVi2ZBWYp0+Qan8dWvlswLQb/VuGRDhziaQ\nfXyxevGMk6i/9wKCAQEApwWVMydJXHGumSfTHMIHEPRgFbl5kV6UiBuvprT5TBGr\nUEDIRaX/jClMi5en/Nn8Uy6wm1co313l4a5c0Sd+73OkDmUneAr3wxl8NlbRmQ8v\nP2gf5Q2FvJ2f5p7FDA+t+pSUJr2E/JaNdLWaajEe//ketRUQ5MfUrPK69nCf7gDw\n03hbLl2U6PbpNT8WdjAD3Ah5VLAkawT4fvxhgOTQIiwe8BgGFFwBOAI/u0v1RTmb\n554wfuSjlDxaAb6MU+0ReGAB2SOctY4Om9B0ECOKK1mLAVsTqQqAF31qrId7xnHA\nICc2Pv4aRvqkPkzJOf2v1ZQ9lt+S+Zg8/W01ifNucwKCAQEAvUwIvMUtaARnZTf1\no64ubt3LqpDV5IcopKZOG1S5eSz47SgJOMr/HkGXXDZvSUs3ULOTiMlOPY6i3DYk\nLcnlQDPeMt8jUHqE8sY+P+b9SarzIor7IjPUJQVYi0yICJBkACJFCQp2lhYNyfxl\nLK1zVh/8Max6J5EStHAxJ2dmKa0ZUddAGjC71qmR8BOI5lIDQWM3d9Xof8mI1bP7\nej+SRdmnZHl+QbdgHcYTxjeVdRWAYmG+ok5dt3c8ktL4e+tUDnBGuMsmZUnONgb/\nJYHj3snBgTOT2doE2U2dTv4xKfw/fkYPHr+k02DGPfmKcBi9fw1+roTVzA2jW0Zq\nmzzxuQKCAQBO29l9vPiNLJBA+71Db6lIqkfXe6Jyxa3WGNDrDCsL0+0SZUfJ2cb3\nrk0w69OlSPxiZWlMJgnV4N1SKTSTFNy3Hczx7iJsVcw7BLfme/dasZTtvBAeYy/U\nE+ChR8rQ/CVco+YZpKPpMQqYdhVqauv9/8cuS8+x97pvmJoMmVGOuclrjhdT9g5z\nb4zqU/kb4hnqZxTvegEYzIN0RPio0Ma5oJqzteUV0QbR5S3rWlbP4Rtf3KImzgY1\n6eTg2LOIm88Y6fCeEH3w5Z268cftEN3RY7m4vXe1Fx60CRhff4xMMgCQbj/f+6x4\n6FjugtIqRP2HveiqXanYc5q6z6Q3VGkI\n-----END PRIVATE KEY-----\n",
            "public_key_fingerprint_md5": "89:3d:0c:2e:84:19:bf:b5:0a:8f:ad:25:92:dc:3b:d0",
            "public_key_fingerprint_sha256": "SHA256:zpLlurO+tq1cUT/tjO9+R7A3hSLWCh4u19v8Ye3o/sM",
            "public_key_openssh": "ssh-rsa AAAAB3NzaC1yc2EAAAADAQABAAACAQC+XsqTL2O4MI7sYDFQgryQrCHgi086PIb6e5LZ2GAcJuEn/OV+6Dwg/cBAPKNvPoYxwTQMA11WzqDPoCZ4KH/5dJKOw3ak4KHygpb+sJualn5EXg0shZUm/zpnbMHGaDGVFkAgx4pnnc+jwYn5xVaeFme8Yo8tcAuqV8sAm2nfXXABn9m6sjaRtw+Jb8zTk3msmHVekb+aDxOl60PaJTEzHIMum/uZJthsZKeXURZfodT63kk8yOcOwYkSWK4wuIkEX1E3UvXXAeEun2d6MNqjEtw74gajC5VAx2YgYUF1dsaIOyesPxqKLKtOwHHM2ij3JfbzZTSw3cswD5NKNbAjaSDeru3GFl5k4BGpros5B7MGRYRIiA6lM3oSxWO8qWun4Avgvsw6X+iPu92fGwNF3ex626DbtNF7KH2aRUkKYxngTWW+kJEeyM/IlOaRvjMmFoWrANY/6GSQItwRtG2dF1x2O7G7Zgt+K9+AbcqlNQedvXPRHuHoT2wJtArS9/DJQ+XJk4u3BrK/U9+X3UTVFe5+u6E2Zo6MZMwSlfDz4UKHFFNcfnezJDateUAzJ+0fwrdyj413KQ3vKbhB44Be1HiaGu7cf4OK6C/DmuZBMTbuquUzBnKA+bz/d4bUiSrQgMuvCM07XnMX+1s8Od20FjAW0TMryvKB7AOh/7CJSQ==\n",
            "public_key_pem": "-----BEGIN PUBLIC KEY-----\nMIICIjANBgkqhkiG9w0BAQEFAAOCAg8AMIICCgKCAgEAvl7Kky9juDCO7GAxUIK8\nkKwh4ItPOjyG+nuS2dhgHCbhJ/zlfug8IP3AQDyjbz6GMcE0DANdVs6gz6AmeCh/\n+XSSjsN2pOCh8oKW/rCbmpZ+RF4NLIWVJv86Z2zBxmgxlRZAIMeKZ53Po8GJ+cVW\nnhZnvGKPLXALqlfLAJtp311wAZ/ZurI2kbcPiW/M05N5rJh1XpG/mg8TpetD2iUx\nMxyDLpv7mSbYbGSnl1EWX6HU+t5JPMjnDsGJEliuMLiJBF9RN1L11wHhLp9nejDa\noxLcO+IGowuVQMdmIGFBdXbGiDsnrD8aiiyrTsBxzNoo9yX282U0sN3LMA+TSjWw\nI2kg3q7txhZeZOARqa6LOQezBkWESIgOpTN6EsVjvKlrp+AL4L7MOl/oj7vdnxsD\nRd3setug27TReyh9mkVJCmMZ4E1lvpCRHsjPyJTmkb4zJhaFqwDWP+hkkCLcEbRt\nnRdcdjuxu2YLfivfgG3KpTUHnb1z0R7h6E9sCbQK0vfwyUPlyZOLtwayv1Pfl91E\n1RXufruhNmaOjGTMEpXw8+FChxRTXH53syQ2rXlAMyftH8K3co+NdykN7ym4QeOA\nXtR4mhru3H+Diugvw5rmQTE27qrlMwZygPm8/3eG1Ikq0IDLrwjNO15zF/tbPDnd\ntBYwFtEzK8rygewDof+wiUkCAwEAAQ==\n-----END PUBLIC KEY-----\n",
            "rsa_bits": 4096
          },
          "sensitive_attributes": []
        }
      ]
    }
  ],
  "check_results": null
}
