{
  "version": 4,
  "terraform_version": "1.5.0",
  "serial": 272,
  "lineage": "8777a458-ed37-e977-b8a9-77957451caf5",
  "outputs": {
    "inst_dns": {
      "value": "ec2-18-229-143-113.sa-east-1.compute.amazonaws.com",
      "type": "string"
    },
    "inst_ip": {
      "value": "18.229.143.113",
      "type": "string"
    }
  },
  "resources": [
    {
      "mode": "data",
      "type": "aws_ami",
      "name": "next_api_server_ami",
      "provider": "provider[\"registry.terraform.io/hashicorp/aws\"]",
      "instances": [
        {
          "schema_version": 0,
          "attributes": {
            "architecture": "x86_64",
            "arn": "arn:aws:ec2:sa-east-1::image/ami-009dac42914e64b32",
            "block_device_mappings": [
              {
                "device_name": "/dev/sda1",
                "ebs": {
                  "delete_on_termination": "true",
                  "encrypted": "false",
                  "iops": "0",
                  "snapshot_id": "snap-0e4346a6dbe98c9e4",
                  "throughput": "0",
                  "volume_size": "8",
                  "volume_type": "gp2"
                },
                "no_device": "",
                "virtual_name": ""
              },
              {
                "device_name": "/dev/sdb",
                "ebs": {},
                "no_device": "",
                "virtual_name": "ephemeral0"
              },
              {
                "device_name": "/dev/sdc",
                "ebs": {},
                "no_device": "",
                "virtual_name": "ephemeral1"
              }
            ],
            "boot_mode": "legacy-bios",
            "creation_date": "2023-06-08T04:39:51.000Z",
            "deprecation_time": "2025-06-08T04:39:51.000Z",
            "description": "Canonical, Ubuntu, 22.04 LTS, amd64 jammy image build on 2023-06-08",
            "ena_support": true,
            "executable_users": null,
            "filter": [
              {
                "name": "name",
                "values": [
                  "ubuntu/images/hvm-ssd/ubuntu-jammy-22.04-amd64-server-*"
                ]
              },
              {
                "name": "virtualization-type",
                "values": [
                  "hvm"
                ]
              }
            ],
            "hypervisor": "xen",
            "id": "ami-009dac42914e64b32",
            "image_id": "ami-009dac42914e64b32",
            "image_location": "amazon/ubuntu/images/hvm-ssd/ubuntu-jammy-22.04-amd64-server-20230608",
            "image_owner_alias": "amazon",
            "image_type": "machine",
            "imds_support": "",
            "include_deprecated": false,
            "kernel_id": "",
            "most_recent": true,
            "name": "ubuntu/images/hvm-ssd/ubuntu-jammy-22.04-amd64-server-20230608",
            "name_regex": null,
            "owner_id": "099720109477",
            "owners": [
              "099720109477"
            ],
            "platform": "",
            "platform_details": "Linux/UNIX",
            "product_codes": [],
            "public": true,
            "ramdisk_id": "",
            "root_device_name": "/dev/sda1",
            "root_device_type": "ebs",
            "root_snapshot_id": "snap-0e4346a6dbe98c9e4",
            "sriov_net_support": "simple",
            "state": "available",
            "state_reason": {
              "code": "UNSET",
              "message": "UNSET"
            },
            "tags": {},
            "timeouts": null,
            "tpm_support": "",
            "usage_operation": "RunInstances",
            "virtualization_type": "hvm"
          },
          "sensitive_attributes": []
        }
      ]
    },
    {
      "mode": "managed",
      "type": "aws_instance",
      "name": "next_api_ec2_inst",
      "provider": "provider[\"registry.terraform.io/hashicorp/aws\"]",
      "instances": [
        {
          "schema_version": 1,
          "attributes": {
            "ami": "ami-009dac42914e64b32",
            "arn": "arn:aws:ec2:sa-east-1:874214505948:instance/i-0edecbb9cd645c9b2",
            "associate_public_ip_address": true,
            "availability_zone": "sa-east-1a",
            "capacity_reservation_specification": [
              {
                "capacity_reservation_preference": "open",
                "capacity_reservation_target": []
              }
            ],
            "cpu_core_count": 1,
            "cpu_options": [
              {
                "amd_sev_snp": "",
                "core_count": 1,
                "threads_per_core": 1
              }
            ],
            "cpu_threads_per_core": 1,
            "credit_specification": [
              {
                "cpu_credits": "standard"
              }
            ],
            "disable_api_stop": false,
            "disable_api_termination": false,
            "ebs_block_device": [],
            "ebs_optimized": false,
            "enclave_options": [
              {
                "enabled": false
              }
            ],
            "ephemeral_block_device": [],
            "get_password_data": false,
            "hibernation": false,
            "host_id": "",
            "host_resource_group_arn": null,
            "iam_instance_profile": "",
            "id": "i-0edecbb9cd645c9b2",
            "instance_initiated_shutdown_behavior": "stop",
            "instance_lifecycle": "",
            "instance_market_options": [],
            "instance_state": "running",
            "instance_type": "t2.micro",
            "ipv6_address_count": 0,
            "ipv6_addresses": [],
            "key_name": "next_api_key",
            "launch_template": [],
            "maintenance_options": [
              {
                "auto_recovery": "default"
              }
            ],
            "metadata_options": [
              {
                "http_endpoint": "enabled",
                "http_put_response_hop_limit": 1,
                "http_tokens": "optional",
                "instance_metadata_tags": "disabled"
              }
            ],
            "monitoring": false,
            "network_interface": [],
            "outpost_arn": "",
            "password_data": "",
            "placement_group": "",
            "placement_partition_number": 0,
            "primary_network_interface_id": "eni-0eae36afa99f79e9b",
            "private_dns": "ip-10-123-1-69.sa-east-1.compute.internal",
            "private_dns_name_options": [
              {
                "enable_resource_name_dns_a_record": false,
                "enable_resource_name_dns_aaaa_record": false,
                "hostname_type": "ip-name"
              }
            ],
            "private_ip": "10.123.1.69",
            "public_dns": "ec2-18-229-143-113.sa-east-1.compute.amazonaws.com",
            "public_ip": "18.229.143.113",
            "root_block_device": [
              {
                "delete_on_termination": true,
                "device_name": "/dev/sda1",
                "encrypted": false,
                "iops": 100,
                "kms_key_id": "",
                "tags": null,
                "throughput": 0,
                "volume_id": "vol-068325a7143a6f7ad",
                "volume_size": 8,
                "volume_type": "gp2"
              }
            ],
            "secondary_private_ips": [],
            "security_groups": [],
            "source_dest_check": true,
            "spot_instance_request_id": "",
            "subnet_id": "subnet-0a3397352caba729f",
            "tags": {
              "Name": "next_api_ec2_inst"
            },
            "tags_all": {
              "Name": "next_api_ec2_inst"
            },
            "tenancy": "default",
            "timeouts": null,
            "user_data": "53b770c30435c1caaad855606d5dea4884436cae",
            "user_data_base64": null,
            "user_data_replace_on_change": false,
            "volume_tags": null,
            "vpc_security_group_ids": [
              "sg-024543c09ccd9a39f"
            ]
          },
          "sensitive_attributes": [],
          "private": "eyJlMmJmYjczMC1lY2FhLTExZTYtOGY4OC0zNDM2M2JjN2M0YzAiOnsiY3JlYXRlIjo2MDAwMDAwMDAwMDAsImRlbGV0ZSI6MTIwMDAwMDAwMDAwMCwidXBkYXRlIjo2MDAwMDAwMDAwMDB9LCJzY2hlbWFfdmVyc2lvbiI6IjEifQ==",
          "dependencies": [
            "aws_key_pair.next_api_keys",
            "aws_security_group.next_api_sg",
            "aws_subnet.next_api_public_subnet",
            "aws_vpc.next_api_vpc",
            "data.aws_ami.next_api_server_ami",
            "tls_private_key.next_api_tls"
          ]
        }
      ]
    },
    {
      "mode": "managed",
      "type": "aws_internet_gateway",
      "name": "next_api_internet_gateway",
      "provider": "provider[\"registry.terraform.io/hashicorp/aws\"]",
      "instances": [
        {
          "schema_version": 0,
          "attributes": {
            "arn": "arn:aws:ec2:sa-east-1:874214505948:internet-gateway/igw-0a5f3e788fbeb5e53",
            "id": "igw-0a5f3e788fbeb5e53",
            "owner_id": "874214505948",
            "tags": {
              "Name": "dev-igw"
            },
            "tags_all": {
              "Name": "dev-igw"
            },
            "timeouts": null,
            "vpc_id": "vpc-00b514ca6ea4425ce"
          },
          "sensitive_attributes": [],
          "private": "eyJlMmJmYjczMC1lY2FhLTExZTYtOGY4OC0zNDM2M2JjN2M0YzAiOnsiY3JlYXRlIjoxMjAwMDAwMDAwMDAwLCJkZWxldGUiOjEyMDAwMDAwMDAwMDAsInVwZGF0ZSI6MTIwMDAwMDAwMDAwMH19",
          "dependencies": [
            "aws_vpc.next_api_vpc"
          ]
        }
      ]
    },
    {
      "mode": "managed",
      "type": "aws_key_pair",
      "name": "next_api_keys",
      "provider": "provider[\"registry.terraform.io/hashicorp/aws\"]",
      "instances": [
        {
          "schema_version": 1,
          "attributes": {
            "arn": "arn:aws:ec2:sa-east-1:874214505948:key-pair/next_api_key",
            "fingerprint": "f1:bc:56:33:46:a1:33:62:21:29:1f:76:b3:ed:13:47",
            "id": "next_api_key",
            "key_name": "next_api_key",
            "key_name_prefix": "",
            "key_pair_id": "key-00de004aadad88c81",
            "key_type": "rsa",
            "public_key": "ssh-rsa AAAAB3NzaC1yc2EAAAADAQABAAACAQC4ayK47VvONVJjTxukSTSZzNcbiC3jY+coXD2GLkVhfQK23pdTThNTIl/KVzjxi1c709jljg4r080yAfWjkVIh/jhFxWO4LEIHwdvvcDX2z6WqWSB6/8kbunHoEXDGitQCyhG++DtXOuJmtudQm+23bjWMjVmVmDXPagAewt2x4dBxiGu+4D2BwuTu2I6Ix0+03TQInSYwVRDM5Jq63NR2+V9Cwgg+4BTZZhD1gE8JqPCVgI+hlKaupnsybBUiFU771uDzGnD3/rLksg364/Jqa3NUnKaT/QxLakRJTdbBGgmODXWTdqZdCpa/7eo/rVxnx+W1Ux9H6CY6NsWszpfqeR7igZ/YMMOyrMftilvqyvB9fISGym3vbTDyqCzwSDz2uNXx6qjmTc5oLjZ423EB2rvNOnYxP6J8pSogFsMllOv0JpMkOS2f4701F39uiDWJrAbC0CV/D06lK4b/vgZRpcIY4QSkpz5MQzjhiWj8RJZE4EROhqYCvDo9N7ATT+FABXjZGmn7Qyw1qV3WRDC0OkWlTlhO+NcAKfabMt/frsZPYSQtyLc5vHOjCSvYejvLeWnUjqJ9rPHzQ8jGFCB2rLozRCqMHAOck4vWuQylRH8H36KAUN4/8NaRu8+x/fMs2xpWW23+DCKVlZFxpwgIcjlXF9QtM3SdGvLaH2Avkw==",
            "tags": null,
            "tags_all": {}
          },
          "sensitive_attributes": [],
          "private": "eyJzY2hlbWFfdmVyc2lvbiI6IjEifQ==",
          "dependencies": [
            "tls_private_key.next_api_tls"
          ]
        }
      ]
    },
    {
      "mode": "managed",
      "type": "aws_route",
      "name": "default_route",
      "provider": "provider[\"registry.terraform.io/hashicorp/aws\"]",
      "instances": [
        {
          "schema_version": 0,
          "attributes": {
            "carrier_gateway_id": "",
            "core_network_arn": "",
            "destination_cidr_block": "0.0.0.0/0",
            "destination_ipv6_cidr_block": "",
            "destination_prefix_list_id": "",
            "egress_only_gateway_id": "",
            "gateway_id": "igw-0a5f3e788fbeb5e53",
            "id": "r-rtb-0623374162fe5a7db1080289494",
            "instance_id": "",
            "instance_owner_id": "",
            "local_gateway_id": "",
            "nat_gateway_id": "",
            "network_interface_id": "",
            "origin": "CreateRoute",
            "route_table_id": "rtb-0623374162fe5a7db",
            "state": "active",
            "timeouts": null,
            "transit_gateway_id": "",
            "vpc_endpoint_id": "",
            "vpc_peering_connection_id": ""
          },
          "sensitive_attributes": [],
          "private": "eyJlMmJmYjczMC1lY2FhLTExZTYtOGY4OC0zNDM2M2JjN2M0YzAiOnsiY3JlYXRlIjozMDAwMDAwMDAwMDAsImRlbGV0ZSI6MzAwMDAwMDAwMDAwLCJ1cGRhdGUiOjEyMDAwMDAwMDAwMH19",
          "dependencies": [
            "aws_internet_gateway.next_api_internet_gateway",
            "aws_route_table.next_api_public_rt",
            "aws_vpc.next_api_vpc"
          ]
        }
      ]
    },
    {
      "mode": "managed",
      "type": "aws_route_table",
      "name": "next_api_public_rt",
      "provider": "provider[\"registry.terraform.io/hashicorp/aws\"]",
      "instances": [
        {
          "schema_version": 0,
          "attributes": {
            "arn": "arn:aws:ec2:sa-east-1:874214505948:route-table/rtb-0623374162fe5a7db",
            "id": "rtb-0623374162fe5a7db",
            "owner_id": "874214505948",
            "propagating_vgws": [],
            "route": [],
            "tags": {
              "Name": "dev_public_rt"
            },
            "tags_all": {
              "Name": "dev_public_rt"
            },
            "timeouts": null,
            "vpc_id": "vpc-00b514ca6ea4425ce"
          },
          "sensitive_attributes": [],
          "private": "eyJlMmJmYjczMC1lY2FhLTExZTYtOGY4OC0zNDM2M2JjN2M0YzAiOnsiY3JlYXRlIjozMDAwMDAwMDAwMDAsImRlbGV0ZSI6MzAwMDAwMDAwMDAwLCJ1cGRhdGUiOjEyMDAwMDAwMDAwMH19",
          "dependencies": [
            "aws_vpc.next_api_vpc"
          ]
        }
      ]
    },
    {
      "mode": "managed",
      "type": "aws_route_table_association",
      "name": "public_assoc",
      "provider": "provider[\"registry.terraform.io/hashicorp/aws\"]",
      "instances": [
        {
          "schema_version": 0,
          "attributes": {
            "gateway_id": "",
            "id": "rtbassoc-02cee63bdc9eee107",
            "route_table_id": "rtb-0623374162fe5a7db",
            "subnet_id": "subnet-0a3397352caba729f",
            "timeouts": null
          },
          "sensitive_attributes": [],
          "private": "eyJlMmJmYjczMC1lY2FhLTExZTYtOGY4OC0zNDM2M2JjN2M0YzAiOnsiY3JlYXRlIjozMDAwMDAwMDAwMDAsImRlbGV0ZSI6MzAwMDAwMDAwMDAwLCJ1cGRhdGUiOjEyMDAwMDAwMDAwMH19",
          "dependencies": [
            "aws_route_table.next_api_public_rt",
            "aws_subnet.next_api_public_subnet",
            "aws_vpc.next_api_vpc"
          ]
        }
      ]
    },
    {
      "mode": "managed",
      "type": "aws_security_group",
      "name": "next_api_sg",
      "provider": "provider[\"registry.terraform.io/hashicorp/aws\"]",
      "instances": [
        {
          "schema_version": 1,
          "attributes": {
            "arn": "arn:aws:ec2:sa-east-1:874214505948:security-group/sg-024543c09ccd9a39f",
            "description": "next_api security group",
            "egress": [],
            "id": "sg-024543c09ccd9a39f",
            "ingress": [],
            "name": "next_api_sg",
            "name_prefix": "",
            "owner_id": "874214505948",
            "revoke_rules_on_delete": false,
            "tags": {
              "Name": "next_api_sg"
            },
            "tags_all": {
              "Name": "next_api_sg"
            },
            "timeouts": null,
            "vpc_id": "vpc-00b514ca6ea4425ce"
          },
          "sensitive_attributes": [],
          "private": "eyJlMmJmYjczMC1lY2FhLTExZTYtOGY4OC0zNDM2M2JjN2M0YzAiOnsiY3JlYXRlIjo2MDAwMDAwMDAwMDAsImRlbGV0ZSI6OTAwMDAwMDAwMDAwfSwic2NoZW1hX3ZlcnNpb24iOiIxIn0=",
          "dependencies": [
            "aws_vpc.next_api_vpc"
          ]
        }
      ]
    },
    {
      "mode": "managed",
      "type": "aws_security_group_rule",
      "name": "public_in_http",
      "provider": "provider[\"registry.terraform.io/hashicorp/aws\"]",
      "instances": [
        {
          "schema_version": 2,
          "attributes": {
            "cidr_blocks": [
              "0.0.0.0/0"
            ],
            "description": null,
            "from_port": 8080,
            "id": "sgrule-2671920173",
            "ipv6_cidr_blocks": null,
            "prefix_list_ids": null,
            "protocol": "tcp",
            "security_group_id": "sg-024543c09ccd9a39f",
            "security_group_rule_id": "sgr-03059ea99c498a99b",
            "self": false,
            "source_security_group_id": null,
            "timeouts": null,
            "to_port": 8080,
            "type": "ingress"
          },
          "sensitive_attributes": [],
          "private": "eyJlMmJmYjczMC1lY2FhLTExZTYtOGY4OC0zNDM2M2JjN2M0YzAiOnsiY3JlYXRlIjozMDAwMDAwMDAwMDB9LCJzY2hlbWFfdmVyc2lvbiI6IjIifQ==",
          "dependencies": [
            "aws_security_group.next_api_sg",
            "aws_vpc.next_api_vpc"
          ]
        }
      ]
    },
    {
      "mode": "managed",
      "type": "aws_security_group_rule",
      "name": "public_in_https",
      "provider": "provider[\"registry.terraform.io/hashicorp/aws\"]",
      "instances": [
        {
          "schema_version": 2,
          "attributes": {
            "cidr_blocks": [
              "0.0.0.0/0"
            ],
            "description": null,
            "from_port": 443,
            "id": "sgrule-557415954",
            "ipv6_cidr_blocks": null,
            "prefix_list_ids": null,
            "protocol": "tcp",
            "security_group_id": "sg-024543c09ccd9a39f",
            "security_group_rule_id": "sgr-0d883bbce5b4dd6ea",
            "self": false,
            "source_security_group_id": null,
            "timeouts": null,
            "to_port": 443,
            "type": "ingress"
          },
          "sensitive_attributes": [],
          "private": "eyJlMmJmYjczMC1lY2FhLTExZTYtOGY4OC0zNDM2M2JjN2M0YzAiOnsiY3JlYXRlIjozMDAwMDAwMDAwMDB9LCJzY2hlbWFfdmVyc2lvbiI6IjIifQ==",
          "dependencies": [
            "aws_security_group.next_api_sg",
            "aws_vpc.next_api_vpc"
          ]
        }
      ]
    },
    {
      "mode": "managed",
      "type": "aws_security_group_rule",
      "name": "public_in_ssh",
      "provider": "provider[\"registry.terraform.io/hashicorp/aws\"]",
      "instances": [
        {
          "schema_version": 2,
          "attributes": {
            "cidr_blocks": [
              "0.0.0.0/0"
            ],
            "description": null,
            "from_port": 22,
            "id": "sgrule-3193019628",
            "ipv6_cidr_blocks": null,
            "prefix_list_ids": null,
            "protocol": "tcp",
            "security_group_id": "sg-024543c09ccd9a39f",
            "security_group_rule_id": "sgr-0d93f7f2b30ca12e3",
            "self": false,
            "source_security_group_id": null,
            "timeouts": null,
            "to_port": 22,
            "type": "ingress"
          },
          "sensitive_attributes": [],
          "private": "eyJlMmJmYjczMC1lY2FhLTExZTYtOGY4OC0zNDM2M2JjN2M0YzAiOnsiY3JlYXRlIjozMDAwMDAwMDAwMDB9LCJzY2hlbWFfdmVyc2lvbiI6IjIifQ==",
          "dependencies": [
            "aws_security_group.next_api_sg",
            "aws_vpc.next_api_vpc"
          ]
        }
      ]
    },
    {
      "mode": "managed",
      "type": "aws_security_group_rule",
      "name": "public_out",
      "provider": "provider[\"registry.terraform.io/hashicorp/aws\"]",
      "instances": [
        {
          "schema_version": 2,
          "attributes": {
            "cidr_blocks": [
              "0.0.0.0/0"
            ],
            "description": null,
            "from_port": 0,
            "id": "sgrule-1062847440",
            "ipv6_cidr_blocks": null,
            "prefix_list_ids": null,
            "protocol": "-1",
            "security_group_id": "sg-024543c09ccd9a39f",
            "security_group_rule_id": "sgr-084728529c0d83063",
            "self": false,
            "source_security_group_id": null,
            "timeouts": null,
            "to_port": 0,
            "type": "egress"
          },
          "sensitive_attributes": [],
          "private": "eyJlMmJmYjczMC1lY2FhLTExZTYtOGY4OC0zNDM2M2JjN2M0YzAiOnsiY3JlYXRlIjozMDAwMDAwMDAwMDB9LCJzY2hlbWFfdmVyc2lvbiI6IjIifQ==",
          "dependencies": [
            "aws_security_group.next_api_sg",
            "aws_vpc.next_api_vpc"
          ]
        }
      ]
    },
    {
      "mode": "managed",
      "type": "aws_subnet",
      "name": "next_api_public_subnet",
      "provider": "provider[\"registry.terraform.io/hashicorp/aws\"]",
      "instances": [
        {
          "schema_version": 1,
          "attributes": {
            "arn": "arn:aws:ec2:sa-east-1:874214505948:subnet/subnet-0a3397352caba729f",
            "assign_ipv6_address_on_creation": false,
            "availability_zone": "sa-east-1a",
            "availability_zone_id": "sae1-az1",
            "cidr_block": "10.123.1.0/24",
            "customer_owned_ipv4_pool": "",
            "enable_dns64": false,
            "enable_lni_at_device_index": 0,
            "enable_resource_name_dns_a_record_on_launch": false,
            "enable_resource_name_dns_aaaa_record_on_launch": false,
            "id": "subnet-0a3397352caba729f",
            "ipv6_cidr_block": "",
            "ipv6_cidr_block_association_id": "",
            "ipv6_native": false,
            "map_customer_owned_ip_on_launch": false,
            "map_public_ip_on_launch": true,
            "outpost_arn": "",
            "owner_id": "874214505948",
            "private_dns_hostname_type_on_launch": "ip-name",
            "tags": {
              "Name": "dev-public"
            },
            "tags_all": {
              "Name": "dev-public"
            },
            "timeouts": null,
            "vpc_id": "vpc-00b514ca6ea4425ce"
          },
          "sensitive_attributes": [],
          "private": "eyJlMmJmYjczMC1lY2FhLTExZTYtOGY4OC0zNDM2M2JjN2M0YzAiOnsiY3JlYXRlIjo2MDAwMDAwMDAwMDAsImRlbGV0ZSI6MTIwMDAwMDAwMDAwMH0sInNjaGVtYV92ZXJzaW9uIjoiMSJ9",
          "dependencies": [
            "aws_vpc.next_api_vpc"
          ]
        }
      ]
    },
    {
      "mode": "managed",
      "type": "aws_vpc",
      "name": "next_api_vpc",
      "provider": "provider[\"registry.terraform.io/hashicorp/aws\"]",
      "instances": [
        {
          "schema_version": 1,
          "attributes": {
            "arn": "arn:aws:ec2:sa-east-1:874214505948:vpc/vpc-00b514ca6ea4425ce",
            "assign_generated_ipv6_cidr_block": false,
            "cidr_block": "10.123.0.0/16",
            "default_network_acl_id": "acl-0da84f66d340d39fb",
            "default_route_table_id": "rtb-036cbf8bd45dac724",
            "default_security_group_id": "sg-057a6399adeb30a3f",
            "dhcp_options_id": "dopt-03153accd2f178688",
            "enable_dns_hostnames": true,
            "enable_dns_support": true,
            "enable_network_address_usage_metrics": false,
            "id": "vpc-00b514ca6ea4425ce",
            "instance_tenancy": "default",
            "ipv4_ipam_pool_id": null,
            "ipv4_netmask_length": null,
            "ipv6_association_id": "",
            "ipv6_cidr_block": "",
            "ipv6_cidr_block_network_border_group": "",
            "ipv6_ipam_pool_id": "",
            "ipv6_netmask_length": 0,
            "main_route_table_id": "rtb-036cbf8bd45dac724",
            "owner_id": "874214505948",
            "tags": {
              "Name": "dev"
            },
            "tags_all": {
              "Name": "dev"
            }
          },
          "sensitive_attributes": [],
          "private": "eyJzY2hlbWFfdmVyc2lvbiI6IjEifQ=="
        }
      ]
    },
    {
      "mode": "managed",
      "type": "tls_private_key",
      "name": "next_api_tls",
      "provider": "provider[\"registry.terraform.io/hashicorp/tls\"]",
      "instances": [
        {
          "schema_version": 1,
          "attributes": {
            "algorithm": "RSA",
            "ecdsa_curve": "P224",
            "id": "8c94fd0f589137ef15048942d65372a5284dcb1d",
            "private_key_openssh": "-----BEGIN OPENSSH PRIVATE KEY-----\nb3BlbnNzaC1rZXktdjEAAAAABG5vbmUAAAAEbm9uZQAAAAAAAAABAAACFwAAAAdz\nc2gtcnNhAAAAAwEAAQAAAgEAuGsiuO1bzjVSY08bpEk0mczXG4gt42PnKFw9hi5F\nYX0Ctt6XU04TUyJfylc48YtXO9PY5Y4OK9PNMgH1o5FSIf44RcVjuCxCB8Hb73A1\n9s+lqlkgev/JG7px6BFwxorUAsoRvvg7VzriZrbnUJvtt241jI1ZlZg1z2oAHsLd\nseHQcYhrvuA9gcLk7tiOiMdPtN00CJ0mMFUQzOSautzUdvlfQsIIPuAU2WYQ9YBP\nCajwlYCPoZSmrqZ7MmwVIhVO+9bg8xpw9/6y5LIN+uPyamtzVJymk/0MS2pESU3W\nwRoJjg11k3amXQqWv+3qP61cZ8fltVMfR+gmOjbFrM6X6nke4oGf2DDDsqzH7Ypb\n6srwfXyEhspt720w8qgs8Eg89rjV8eqo5k3OaC42eNtxAdq7zTp2MT+ifKUqIBbD\nJZTr9CaTJDktn+O9NRd/bog1iawGwtAlfw9OpSuG/74GUaXCGOEEpKc+TEM44Ylo\n/ESWROBEToamArw6PTewE0/hQAV42Rpp+0MsNald1kQwtDpFpU5YTvjXACn2mzLf\n367GT2EkLci3Obxzowkr2Ho7y3lp1I6ifazx80PIxhQgdqy6M0QqjBwDnJOL1rkM\npUR/B9+igFDeP/DWkbvPsf3zLNsaVltt/gwilZWRcacICHI5VxfULTN0nRry2h9g\nL5MAAAc4QQDkp0EA5KcAAAAHc3NoLXJzYQAAAgEAuGsiuO1bzjVSY08bpEk0mczX\nG4gt42PnKFw9hi5FYX0Ctt6XU04TUyJfylc48YtXO9PY5Y4OK9PNMgH1o5FSIf44\nRcVjuCxCB8Hb73A19s+lqlkgev/JG7px6BFwxorUAsoRvvg7VzriZrbnUJvtt241\njI1ZlZg1z2oAHsLdseHQcYhrvuA9gcLk7tiOiMdPtN00CJ0mMFUQzOSautzUdvlf\nQsIIPuAU2WYQ9YBPCajwlYCPoZSmrqZ7MmwVIhVO+9bg8xpw9/6y5LIN+uPyamtz\nVJymk/0MS2pESU3WwRoJjg11k3amXQqWv+3qP61cZ8fltVMfR+gmOjbFrM6X6nke\n4oGf2DDDsqzH7Ypb6srwfXyEhspt720w8qgs8Eg89rjV8eqo5k3OaC42eNtxAdq7\nzTp2MT+ifKUqIBbDJZTr9CaTJDktn+O9NRd/bog1iawGwtAlfw9OpSuG/74GUaXC\nGOEEpKc+TEM44Ylo/ESWROBEToamArw6PTewE0/hQAV42Rpp+0MsNald1kQwtDpF\npU5YTvjXACn2mzLf367GT2EkLci3Obxzowkr2Ho7y3lp1I6ifazx80PIxhQgdqy6\nM0QqjBwDnJOL1rkMpUR/B9+igFDeP/DWkbvPsf3zLNsaVltt/gwilZWRcacICHI5\nVxfULTN0nRry2h9gL5MAAAADAQABAAACAGpOR7u2B1+82PsqFNME5+9oZu8V9u3H\nHu7jDQwWDCSAPVpQwYZh0T3w6Kro0IhcPDLekX7x/jVBaF1VR9W75U53DtUZTbxS\nttVl6HQDiPf3BpZFvjVo0PLM7PBLbWjligT5mnUs/nfwF6YB9SFAYS2FuBSHPoa/\nMPWZMuyIg+cQNmnbq9BhztLIF9OevbsWuVmW0XHNtL/TqVWSyabBuS/D3CfNVZd4\n8EvJTClYhzcYTWbArwsDd3nhuc59A0mcYuVFHnLEYS5zgYfXI7vmPk0eF2NE0bko\n+zdV0Hs5BXxWl/9svsP8dzXW7sNAT/HY6xVf44g8nCGFLtQL0rMke+jQqZUSxuNL\nTavcVHKsXTpLEwTjZNgZqjSza0dkUnA67oUDwcoC98JEwMWgv/sdjV6xJfZ5+g2b\nelCKf6Z/49cFUWw+MtmbIOR2PM4PAD91xqlWgZeuNN5EQKwSdYwORVqTcHPoBZ30\nZhaS8Bjb1UgQCZSykk4vYAhw0tVHG+s1TtAO2JpIynXkKDCmgO9S1ugGilnursDJ\n0+3qcZUnt3L7a3fB/I4gJn0eA8C9rDmwqTUVvLcYA67r59B3jhlVW8uUdMVUaAJO\nNsaNpBwtqI9go2Bn2fWkdSYCA6pPnngt/ZFIbYQwQritIDcsAi/7Ysgc4m/sSbo1\njMrjsWWwKKahAAABAQC0yrS/8XvmEyLQEQ9EZFHDUFg6SRHp5D5GXzbZWJKEhhM+\nvXkhO5MgEC7ogIuaPahcvKMxzlEtF56m4dEt9QS+gfU2zJgxyQvidZz/ER0BOzvY\nR94I8GWYyLGFJsiocx5FqAmXZ151ewpWXNLGdW5lZ17TlZtd5cCvIDiMrJuwwLj6\nSTzA+LZ1gLFdfIs5QmTuyKfU69NTXZDwc2WEZSn2/mkXBlsYYryNIQ78AxgbWJWu\nh0WakloHkORpDls9QLFvxMhVoVDJvMuvicPkhRQ3exsiHgOkP4BlrdPXiBua8vsS\nfMJsD4snCh2KpNR69ZqtELKD/jRyXWcHuU8gkE/3AAABAQDQy6ADu1gsc/z9zPsv\nNKIGBnYdKvArL8e11oXKROpspqkwyrMhlFD/yLsLf8qPYowSIln4WFVgHoL6bCGA\nA5lrnWFg5/s9YnR69eW18oEsmuc5h2gLeHJCz6inoKqtrBhTxBqonGj9zMnWet/v\n9YBr9oMnZlHbeeQ0OMKQ+YKwoXkHLHGw5KxnTNYSApzOGByuc2BZ3hsjVkor5lwe\nEDiqBheTSqKuPu7wplzacO+2G6N8CFxuXW/gti2eKDMj5ZQEpCr9wgXhJoLzOg/r\ndDokJCTItzdtbLoCuL7qJdWdtZbwAYNreI3X/1g/Cpyyhj2VfeBmiEHcl5sFEGay\nslGJAAABAQDiHKg0HG6ngiVDo7a0VPrkdNLriuWorGsyzm6ok7TwGd/YoyktVR0S\n6T1lP0trKDIAkXvS903GR9dRiTMHKrsdOnNHIbVS1xzHMVh9acEfAiTN57zIrxRo\nbcyVq4zO2v9ZbPtbgyYxrS0WyREXP3EFpimJONcaLq6XppRSG6rIyduw3dGJAzWi\nAFQX/Ub2JFYhWPfRkveWbELpnZeIMjQ/PfCdV4snH8UUhUa3CcqNAAKzDuZK1YHr\n5ssIICeTiMte/jwlvKDp/IYkJMTMgZMqvrXa9XBySQYo0O+YuQAxasoR3cUdbCQ2\nu9fB/d3gMxugQXSPUmhiBipLJTdqW/07AAAAAAEC\n-----END OPENSSH PRIVATE KEY-----\n",
            "private_key_pem": "-----BEGIN RSA PRIVATE KEY-----\nMIIJKAIBAAKCAgEAuGsiuO1bzjVSY08bpEk0mczXG4gt42PnKFw9hi5FYX0Ctt6X\nU04TUyJfylc48YtXO9PY5Y4OK9PNMgH1o5FSIf44RcVjuCxCB8Hb73A19s+lqlkg\nev/JG7px6BFwxorUAsoRvvg7VzriZrbnUJvtt241jI1ZlZg1z2oAHsLdseHQcYhr\nvuA9gcLk7tiOiMdPtN00CJ0mMFUQzOSautzUdvlfQsIIPuAU2WYQ9YBPCajwlYCP\noZSmrqZ7MmwVIhVO+9bg8xpw9/6y5LIN+uPyamtzVJymk/0MS2pESU3WwRoJjg11\nk3amXQqWv+3qP61cZ8fltVMfR+gmOjbFrM6X6nke4oGf2DDDsqzH7Ypb6srwfXyE\nhspt720w8qgs8Eg89rjV8eqo5k3OaC42eNtxAdq7zTp2MT+ifKUqIBbDJZTr9CaT\nJDktn+O9NRd/bog1iawGwtAlfw9OpSuG/74GUaXCGOEEpKc+TEM44Ylo/ESWROBE\nToamArw6PTewE0/hQAV42Rpp+0MsNald1kQwtDpFpU5YTvjXACn2mzLf367GT2Ek\nLci3Obxzowkr2Ho7y3lp1I6ifazx80PIxhQgdqy6M0QqjBwDnJOL1rkMpUR/B9+i\ngFDeP/DWkbvPsf3zLNsaVltt/gwilZWRcacICHI5VxfULTN0nRry2h9gL5MCAwEA\nAQKCAgBqTke7tgdfvNj7KhTTBOfvaGbvFfbtxx7u4w0MFgwkgD1aUMGGYdE98Oiq\n6NCIXDwy3pF+8f41QWhdVUfVu+VOdw7VGU28UrbVZeh0A4j39waWRb41aNDyzOzw\nS21o5YoE+Zp1LP538BemAfUhQGEthbgUhz6GvzD1mTLsiIPnEDZp26vQYc7SyBfT\nnr27FrlZltFxzbS/06lVksmmwbkvw9wnzVWXePBLyUwpWIc3GE1mwK8LA3d54bnO\nfQNJnGLlRR5yxGEuc4GH1yO75j5NHhdjRNG5KPs3VdB7OQV8Vpf/bL7D/Hc11u7D\nQE/x2OsVX+OIPJwhhS7UC9KzJHvo0KmVEsbjS02r3FRyrF06SxME42TYGao0s2tH\nZFJwOu6FA8HKAvfCRMDFoL/7HY1esSX2efoNm3pQin+mf+PXBVFsPjLZmyDkdjzO\nDwA/dcapVoGXrjTeRECsEnWMDkVak3Bz6AWd9GYWkvAY29VIEAmUspJOL2AIcNLV\nRxvrNU7QDtiaSMp15CgwpoDvUtboBopZ7q7AydPt6nGVJ7dy+2t3wfyOICZ9HgPA\nvaw5sKk1Fby3GAOu6+fQd44ZVVvLlHTFVGgCTjbGjaQcLaiPYKNgZ9n1pHUmAgOq\nT554Lf2RSG2EMEK4rSA3LAIv+2LIHOJv7Em6NYzK47FlsCimoQKCAQEA0MugA7tY\nLHP8/cz7LzSiBgZ2HSrwKy/HtdaFykTqbKapMMqzIZRQ/8i7C3/Kj2KMEiJZ+FhV\nYB6C+mwhgAOZa51hYOf7PWJ0evXltfKBLJrnOYdoC3hyQs+op6CqrawYU8QaqJxo\n/czJ1nrf7/WAa/aDJ2ZR23nkNDjCkPmCsKF5ByxxsOSsZ0zWEgKczhgcrnNgWd4b\nI1ZKK+ZcHhA4qgYXk0qirj7u8KZc2nDvthujfAhcbl1v4LYtnigzI+WUBKQq/cIF\n4SaC8zoP63Q6JCQkyLc3bWy6Ari+6iXVnbWW8AGDa3iN1/9YPwqcsoY9lX3gZohB\n3JebBRBmsrJRiQKCAQEA4hyoNBxup4IlQ6O2tFT65HTS64rlqKxrMs5uqJO08Bnf\n2KMpLVUdEuk9ZT9LaygyAJF70vdNxkfXUYkzByq7HTpzRyG1UtccxzFYfWnBHwIk\nzee8yK8UaG3MlauMztr/WWz7W4MmMa0tFskRFz9xBaYpiTjXGi6ul6aUUhuqyMnb\nsN3RiQM1ogBUF/1G9iRWIVj30ZL3lmxC6Z2XiDI0Pz3wnVeLJx/FFIVGtwnKjQAC\nsw7mStWB6+bLCCAnk4jLXv48Jbyg6fyGJCTEzIGTKr612vVwckkGKNDvmLkAMWrK\nEd3FHWwkNrvXwf3d4DMboEF0j1JoYgYqSyU3alv9OwKCAQBWZ73rbW8azlEm8toL\n+fsHBUuB3JARPy+lZ4ZsY0Kj/gBMScYBonA2uen140d/OOgAZSjYZi3GnjnTykW+\nxT6LU1DGGppVF9ZeQD50okukmuIPY6LCBHE8htUjsZCQWISkvaXOmxOz3Di2wpjD\no9QmWZiDCIvdiL7QgaC7ABZ+ZARC3Lib3LYf9aMtRtl/TGkqJGL+LbULVZ1SN31t\nj4bzjZvZ/2v9MdwNyLrqRwxcT2nDXW5q2c3/r0SHi9lGBK7RkOKdqtpmB1rvrtqB\ntNKOvEpgqbmNVg5QLAYNveR95HT3E5lAM153wZrSU+Du3DDGGZZwt/iRgkfLu7LU\nRokJAoIBACBLF3rZ1LP30nqmlyGKQYr/ZGBfpg1BEs5ezU8mSWFBUMcQBoGC9nQM\n+8fKEmtrgjiyjozC5Ui8WfQ7NB6B69dw0aYHGm6KaoHIemru/7X+CGOgBUZkOvXv\nOJjnt2STwoRzHDMlt/7ATQBEFzzKwsmbwbLne1Ex+Z2PHP/dE7c5nTbVd2eqHa7V\nfS0v70KYTfTVUA+Ofe3t6GCVMV8yTGP75LGUHzunPe6AWmkp7NPWfIw2RI3LkJKw\nk67FaOGZV/JpPQ3mstS4TDA9UB4lI2+nbTGofDbWVxrdPFsDkRN9vP5wPgbFuyZW\nDaqXJ2kt43Qv5QXTLzVQzBmPZyq5mKECggEBALTKtL/xe+YTItARD0RkUcNQWDpJ\nEenkPkZfNtlYkoSGEz69eSE7kyAQLuiAi5o9qFy8ozHOUS0Xnqbh0S31BL6B9TbM\nmDHJC+J1nP8RHQE7O9hH3gjwZZjIsYUmyKhzHkWoCZdnXnV7ClZc0sZ1bmVnXtOV\nm13lwK8gOIysm7DAuPpJPMD4tnWAsV18izlCZO7Ip9Tr01NdkPBzZYRlKfb+aRcG\nWxhivI0hDvwDGBtYla6HRZqSWgeQ5GkOWz1AsW/EyFWhUMm8y6+Jw+SFFDd7GyIe\nA6Q/gGWt09eIG5ry+xJ8wmwPiycKHYqk1Hr1mq0QsoP+NHJdZwe5TyCQT/c=\n-----END RSA PRIVATE KEY-----\n",
            "private_key_pem_pkcs8": "-----BEGIN PRIVATE KEY-----\nMIIJQgIBADANBgkqhkiG9w0BAQEFAASCCSwwggkoAgEAAoICAQC4ayK47VvONVJj\nTxukSTSZzNcbiC3jY+coXD2GLkVhfQK23pdTThNTIl/KVzjxi1c709jljg4r080y\nAfWjkVIh/jhFxWO4LEIHwdvvcDX2z6WqWSB6/8kbunHoEXDGitQCyhG++DtXOuJm\ntudQm+23bjWMjVmVmDXPagAewt2x4dBxiGu+4D2BwuTu2I6Ix0+03TQInSYwVRDM\n5Jq63NR2+V9Cwgg+4BTZZhD1gE8JqPCVgI+hlKaupnsybBUiFU771uDzGnD3/rLk\nsg364/Jqa3NUnKaT/QxLakRJTdbBGgmODXWTdqZdCpa/7eo/rVxnx+W1Ux9H6CY6\nNsWszpfqeR7igZ/YMMOyrMftilvqyvB9fISGym3vbTDyqCzwSDz2uNXx6qjmTc5o\nLjZ423EB2rvNOnYxP6J8pSogFsMllOv0JpMkOS2f4701F39uiDWJrAbC0CV/D06l\nK4b/vgZRpcIY4QSkpz5MQzjhiWj8RJZE4EROhqYCvDo9N7ATT+FABXjZGmn7Qyw1\nqV3WRDC0OkWlTlhO+NcAKfabMt/frsZPYSQtyLc5vHOjCSvYejvLeWnUjqJ9rPHz\nQ8jGFCB2rLozRCqMHAOck4vWuQylRH8H36KAUN4/8NaRu8+x/fMs2xpWW23+DCKV\nlZFxpwgIcjlXF9QtM3SdGvLaH2AvkwIDAQABAoICAGpOR7u2B1+82PsqFNME5+9o\nZu8V9u3HHu7jDQwWDCSAPVpQwYZh0T3w6Kro0IhcPDLekX7x/jVBaF1VR9W75U53\nDtUZTbxSttVl6HQDiPf3BpZFvjVo0PLM7PBLbWjligT5mnUs/nfwF6YB9SFAYS2F\nuBSHPoa/MPWZMuyIg+cQNmnbq9BhztLIF9OevbsWuVmW0XHNtL/TqVWSyabBuS/D\n3CfNVZd48EvJTClYhzcYTWbArwsDd3nhuc59A0mcYuVFHnLEYS5zgYfXI7vmPk0e\nF2NE0bko+zdV0Hs5BXxWl/9svsP8dzXW7sNAT/HY6xVf44g8nCGFLtQL0rMke+jQ\nqZUSxuNLTavcVHKsXTpLEwTjZNgZqjSza0dkUnA67oUDwcoC98JEwMWgv/sdjV6x\nJfZ5+g2belCKf6Z/49cFUWw+MtmbIOR2PM4PAD91xqlWgZeuNN5EQKwSdYwORVqT\ncHPoBZ30ZhaS8Bjb1UgQCZSykk4vYAhw0tVHG+s1TtAO2JpIynXkKDCmgO9S1ugG\nilnursDJ0+3qcZUnt3L7a3fB/I4gJn0eA8C9rDmwqTUVvLcYA67r59B3jhlVW8uU\ndMVUaAJONsaNpBwtqI9go2Bn2fWkdSYCA6pPnngt/ZFIbYQwQritIDcsAi/7Ysgc\n4m/sSbo1jMrjsWWwKKahAoIBAQDQy6ADu1gsc/z9zPsvNKIGBnYdKvArL8e11oXK\nROpspqkwyrMhlFD/yLsLf8qPYowSIln4WFVgHoL6bCGAA5lrnWFg5/s9YnR69eW1\n8oEsmuc5h2gLeHJCz6inoKqtrBhTxBqonGj9zMnWet/v9YBr9oMnZlHbeeQ0OMKQ\n+YKwoXkHLHGw5KxnTNYSApzOGByuc2BZ3hsjVkor5lweEDiqBheTSqKuPu7wplza\ncO+2G6N8CFxuXW/gti2eKDMj5ZQEpCr9wgXhJoLzOg/rdDokJCTItzdtbLoCuL7q\nJdWdtZbwAYNreI3X/1g/Cpyyhj2VfeBmiEHcl5sFEGayslGJAoIBAQDiHKg0HG6n\ngiVDo7a0VPrkdNLriuWorGsyzm6ok7TwGd/YoyktVR0S6T1lP0trKDIAkXvS903G\nR9dRiTMHKrsdOnNHIbVS1xzHMVh9acEfAiTN57zIrxRobcyVq4zO2v9ZbPtbgyYx\nrS0WyREXP3EFpimJONcaLq6XppRSG6rIyduw3dGJAzWiAFQX/Ub2JFYhWPfRkveW\nbELpnZeIMjQ/PfCdV4snH8UUhUa3CcqNAAKzDuZK1YHr5ssIICeTiMte/jwlvKDp\n/IYkJMTMgZMqvrXa9XBySQYo0O+YuQAxasoR3cUdbCQ2u9fB/d3gMxugQXSPUmhi\nBipLJTdqW/07AoIBAFZnvettbxrOUSby2gv5+wcFS4HckBE/L6VnhmxjQqP+AExJ\nxgGicDa56fXjR3846ABlKNhmLcaeOdPKRb7FPotTUMYamlUX1l5APnSiS6Sa4g9j\nosIEcTyG1SOxkJBYhKS9pc6bE7PcOLbCmMOj1CZZmIMIi92IvtCBoLsAFn5kBELc\nuJvcth/1oy1G2X9MaSokYv4ttQtVnVI3fW2PhvONm9n/a/0x3A3IuupHDFxPacNd\nbmrZzf+vRIeL2UYErtGQ4p2q2mYHWu+u2oG00o68SmCpuY1WDlAsBg295H3kdPcT\nmUAzXnfBmtJT4O7cMMYZlnC3+JGCR8u7stRGiQkCggEAIEsXetnUs/fSeqaXIYpB\niv9kYF+mDUESzl7NTyZJYUFQxxAGgYL2dAz7x8oSa2uCOLKOjMLlSLxZ9Ds0HoHr\n13DRpgcabopqgch6au7/tf4IY6AFRmQ69e84mOe3ZJPChHMcMyW3/sBNAEQXPMrC\nyZvBsud7UTH5nY8c/90TtzmdNtV3Z6odrtV9LS/vQphN9NVQD4597e3oYJUxXzJM\nY/vksZQfO6c97oBaaSns09Z8jDZEjcuQkrCTrsVo4ZlX8mk9Deay1LhMMD1QHiUj\nb6dtMah8NtZXGt08WwORE328/nA+BsW7JlYNqpcnaS3jdC/lBdMvNVDMGY9nKrmY\noQKCAQEAtMq0v/F75hMi0BEPRGRRw1BYOkkR6eQ+Rl822ViShIYTPr15ITuTIBAu\n6ICLmj2oXLyjMc5RLReepuHRLfUEvoH1NsyYMckL4nWc/xEdATs72EfeCPBlmMix\nhSbIqHMeRagJl2dedXsKVlzSxnVuZWde05WbXeXAryA4jKybsMC4+kk8wPi2dYCx\nXXyLOUJk7sin1OvTU12Q8HNlhGUp9v5pFwZbGGK8jSEO/AMYG1iVrodFmpJaB5Dk\naQ5bPUCxb8TIVaFQybzLr4nD5IUUN3sbIh4DpD+AZa3T14gbmvL7EnzCbA+LJwod\niqTUevWarRCyg/40cl1nB7lPIJBP9w==\n-----END PRIVATE KEY-----\n",
            "public_key_fingerprint_md5": "9c:e0:88:a5:69:cd:09:1d:44:29:0f:db:09:a9:0a:a1",
            "public_key_fingerprint_sha256": "SHA256:L+roiAjm51BL0Ws3kI7Ll1sTh4gvNZjV+6K35b1Mw/M",
            "public_key_openssh": "ssh-rsa AAAAB3NzaC1yc2EAAAADAQABAAACAQC4ayK47VvONVJjTxukSTSZzNcbiC3jY+coXD2GLkVhfQK23pdTThNTIl/KVzjxi1c709jljg4r080yAfWjkVIh/jhFxWO4LEIHwdvvcDX2z6WqWSB6/8kbunHoEXDGitQCyhG++DtXOuJmtudQm+23bjWMjVmVmDXPagAewt2x4dBxiGu+4D2BwuTu2I6Ix0+03TQInSYwVRDM5Jq63NR2+V9Cwgg+4BTZZhD1gE8JqPCVgI+hlKaupnsybBUiFU771uDzGnD3/rLksg364/Jqa3NUnKaT/QxLakRJTdbBGgmODXWTdqZdCpa/7eo/rVxnx+W1Ux9H6CY6NsWszpfqeR7igZ/YMMOyrMftilvqyvB9fISGym3vbTDyqCzwSDz2uNXx6qjmTc5oLjZ423EB2rvNOnYxP6J8pSogFsMllOv0JpMkOS2f4701F39uiDWJrAbC0CV/D06lK4b/vgZRpcIY4QSkpz5MQzjhiWj8RJZE4EROhqYCvDo9N7ATT+FABXjZGmn7Qyw1qV3WRDC0OkWlTlhO+NcAKfabMt/frsZPYSQtyLc5vHOjCSvYejvLeWnUjqJ9rPHzQ8jGFCB2rLozRCqMHAOck4vWuQylRH8H36KAUN4/8NaRu8+x/fMs2xpWW23+DCKVlZFxpwgIcjlXF9QtM3SdGvLaH2Avkw==\n",
            "public_key_pem": "-----BEGIN PUBLIC KEY-----\nMIICIjANBgkqhkiG9w0BAQEFAAOCAg8AMIICCgKCAgEAuGsiuO1bzjVSY08bpEk0\nmczXG4gt42PnKFw9hi5FYX0Ctt6XU04TUyJfylc48YtXO9PY5Y4OK9PNMgH1o5FS\nIf44RcVjuCxCB8Hb73A19s+lqlkgev/JG7px6BFwxorUAsoRvvg7VzriZrbnUJvt\nt241jI1ZlZg1z2oAHsLdseHQcYhrvuA9gcLk7tiOiMdPtN00CJ0mMFUQzOSautzU\ndvlfQsIIPuAU2WYQ9YBPCajwlYCPoZSmrqZ7MmwVIhVO+9bg8xpw9/6y5LIN+uPy\namtzVJymk/0MS2pESU3WwRoJjg11k3amXQqWv+3qP61cZ8fltVMfR+gmOjbFrM6X\n6nke4oGf2DDDsqzH7Ypb6srwfXyEhspt720w8qgs8Eg89rjV8eqo5k3OaC42eNtx\nAdq7zTp2MT+ifKUqIBbDJZTr9CaTJDktn+O9NRd/bog1iawGwtAlfw9OpSuG/74G\nUaXCGOEEpKc+TEM44Ylo/ESWROBEToamArw6PTewE0/hQAV42Rpp+0MsNald1kQw\ntDpFpU5YTvjXACn2mzLf367GT2EkLci3Obxzowkr2Ho7y3lp1I6ifazx80PIxhQg\ndqy6M0QqjBwDnJOL1rkMpUR/B9+igFDeP/DWkbvPsf3zLNsaVltt/gwilZWRcacI\nCHI5VxfULTN0nRry2h9gL5MCAwEAAQ==\n-----END PUBLIC KEY-----\n",
            "rsa_bits": 4096
          },
          "sensitive_attributes": []
        }
      ]
    }
  ],
  "check_results": null
}
